// !$*UTF8*$!
{
	archiveVersion = 1;
	classes = {
	};
	objectVersion = 46;
	objects = {

/* Begin PBXBuildFile section */
		E20803DA1D5E257700F3E2DB /* clock.png in Resources */ = {isa = PBXBuildFile; fileRef = E20803CE1D5E257700F3E2DB /* clock.png */; };
		E20803DB1D5E257700F3E2DB /* gps.png in Resources */ = {isa = PBXBuildFile; fileRef = E20803CF1D5E257700F3E2DB /* gps.png */; };
		E20803DC1D5E257700F3E2DB /* heart.png in Resources */ = {isa = PBXBuildFile; fileRef = E20803D01D5E257700F3E2DB /* heart.png */; };
		E20803DD1D5E257700F3E2DB /* location.png in Resources */ = {isa = PBXBuildFile; fileRef = E20803D11D5E257700F3E2DB /* location.png */; };
		E20803DE1D5E257700F3E2DB /* megaphone.png in Resources */ = {isa = PBXBuildFile; fileRef = E20803D21D5E257700F3E2DB /* megaphone.png */; };
		E20803DF1D5E257700F3E2DB /* myrunner.png in Resources */ = {isa = PBXBuildFile; fileRef = E20803D31D5E257700F3E2DB /* myrunner.png */; };
		E20803E01D5E257700F3E2DB /* profile.png in Resources */ = {isa = PBXBuildFile; fileRef = E20803D41D5E257700F3E2DB /* profile.png */; };
		E20803E11D5E257700F3E2DB /* profileDefault.png in Resources */ = {isa = PBXBuildFile; fileRef = E20803D51D5E257700F3E2DB /* profileDefault.png */; };
		E20803E21D5E257700F3E2DB /* runner.png in Resources */ = {isa = PBXBuildFile; fileRef = E20803D61D5E257700F3E2DB /* runner.png */; };
		E20803E31D5E257700F3E2DB /* running.png in Resources */ = {isa = PBXBuildFile; fileRef = E20803D71D5E257700F3E2DB /* running.png */; };
		E20803E41D5E257700F3E2DB /* settings.png in Resources */ = {isa = PBXBuildFile; fileRef = E20803D81D5E257700F3E2DB /* settings.png */; };
		E20803E51D5E257700F3E2DB /* smartphone.png in Resources */ = {isa = PBXBuildFile; fileRef = E20803D91D5E257700F3E2DB /* smartphone.png */; };
		E20803E71D5E32E700F3E2DB /* map.png in Resources */ = {isa = PBXBuildFile; fileRef = E20803E61D5E32E700F3E2DB /* map.png */; };
		E20803E91D5E4C5900F3E2DB /* tracking.png in Resources */ = {isa = PBXBuildFile; fileRef = E20803E81D5E4C5900F3E2DB /* tracking.png */; };
		E22FFC161E9460CC00C34EDA /* Reachability.swift in Sources */ = {isa = PBXBuildFile; fileRef = E22FFC151E9460CC00C34EDA /* Reachability.swift */; };
		E23A34901B4B016C000D9CE2 /* CoreBluetooth.framework in Frameworks */ = {isa = PBXBuildFile; fileRef = E23A348F1B4B016C000D9CE2 /* CoreBluetooth.framework */; };
		E240F4781B6BBEB6008C9580 /* Ford.gpx in Resources */ = {isa = PBXBuildFile; fileRef = E240F4771B6BBEB6008C9580 /* Ford.gpx */; };
		E254BE611C6B955F00C9FD8B /* RunnerAnnotation.swift in Sources */ = {isa = PBXBuildFile; fileRef = E254BE601C6B955F00C9FD8B /* RunnerAnnotation.swift */; };
		E254BE631C6B978200C9FD8B /* RunnerAnnotationView.swift in Sources */ = {isa = PBXBuildFile; fileRef = E254BE621C6B978200C9FD8B /* RunnerAnnotationView.swift */; };
		E254BE6D1C6BCB1000C9FD8B /* AppDelegate.swift in Sources */ = {isa = PBXBuildFile; fileRef = E254BE6C1C6BCB1000C9FD8B /* AppDelegate.swift */; };
		E254BEA91C6D0D3F00C9FD8B /* SignUpViewController.swift in Sources */ = {isa = PBXBuildFile; fileRef = E254BEA81C6D0D3F00C9FD8B /* SignUpViewController.swift */; };
		E254BEB41C74F26100C9FD8B /* CheerViewController.swift in Sources */ = {isa = PBXBuildFile; fileRef = E254BEB31C74F26100C9FD8B /* CheerViewController.swift */; };
		E25A5E841CC572E80046C809 /* Match.swift in Sources */ = {isa = PBXBuildFile; fileRef = E25A5E831CC572E80046C809 /* Match.swift */; };
		E26E52911D01EB6C001324C8 /* AffinityViewController.swift in Sources */ = {isa = PBXBuildFile; fileRef = E26E52901D01EB6C001324C8 /* AffinityViewController.swift */; };
		E28E68B41BFC341A008C6A0A /* Users.swift in Sources */ = {isa = PBXBuildFile; fileRef = E28E68B31BFC341A008C6A0A /* Users.swift */; };
		E28E68BC1BFC34F5008C6A0A /* RaceViewController.swift in Sources */ = {isa = PBXBuildFile; fileRef = E28E68BB1BFC34F5008C6A0A /* RaceViewController.swift */; };
		E292A3AF1CCAAECA0061B19A /* CrowdCheer.xcdatamodeld in Sources */ = {isa = PBXBuildFile; fileRef = E292A3AD1CCAAECA0061B19A /* CrowdCheer.xcdatamodeld */; };
		E2AD20091A9A972C00B1BEFE /* Bolts.framework in Frameworks */ = {isa = PBXBuildFile; fileRef = E2AD20081A9A972C00B1BEFE /* Bolts.framework */; };
		E2AD200D1A9A978700B1BEFE /* AudioToolbox.framework in Frameworks */ = {isa = PBXBuildFile; fileRef = E2AD200C1A9A978700B1BEFE /* AudioToolbox.framework */; };
		E2AD20161A9A97E500B1BEFE /* CFNetwork.framework in Frameworks */ = {isa = PBXBuildFile; fileRef = E2AD200E1A9A97E400B1BEFE /* CFNetwork.framework */; };
		E2AD20171A9A97E500B1BEFE /* libsqlite3.dylib in Frameworks */ = {isa = PBXBuildFile; fileRef = E2AD200F1A9A97E400B1BEFE /* libsqlite3.dylib */; };
		E2AD20181A9A97E500B1BEFE /* libz.dylib in Frameworks */ = {isa = PBXBuildFile; fileRef = E2AD20101A9A97E400B1BEFE /* libz.dylib */; };
		E2AD20191A9A97E500B1BEFE /* MobileCoreServices.framework in Frameworks */ = {isa = PBXBuildFile; fileRef = E2AD20111A9A97E400B1BEFE /* MobileCoreServices.framework */; };
		E2AD201A1A9A97E500B1BEFE /* QuartzCore.framework in Frameworks */ = {isa = PBXBuildFile; fileRef = E2AD20121A9A97E400B1BEFE /* QuartzCore.framework */; };
		E2AD201B1A9A97E500B1BEFE /* Security.framework in Frameworks */ = {isa = PBXBuildFile; fileRef = E2AD20131A9A97E400B1BEFE /* Security.framework */; };
		E2AD201D1A9A97E500B1BEFE /* SystemConfiguration.framework in Frameworks */ = {isa = PBXBuildFile; fileRef = E2AD20151A9A97E500B1BEFE /* SystemConfiguration.framework */; };
		E2ADB5D71A9D0A63007EC795 /* Accounts.framework in Frameworks */ = {isa = PBXBuildFile; fileRef = E2ADB5D61A9D0A63007EC795 /* Accounts.framework */; };
		E2ADB5D91A9D0A72007EC795 /* Social.framework in Frameworks */ = {isa = PBXBuildFile; fileRef = E2ADB5D81A9D0A72007EC795 /* Social.framework */; };
		E2ADB5E71A9E6808007EC795 /* Parse.framework in Frameworks */ = {isa = PBXBuildFile; fileRef = E2ADB5E61A9E6808007EC795 /* Parse.framework */; };
		E2CA50E41A88677A00C2BB03 /* main.m in Sources */ = {isa = PBXBuildFile; fileRef = E2CA50E31A88677A00C2BB03 /* main.m */; };
		E2CA50F31A88677A00C2BB03 /* Main.storyboard in Resources */ = {isa = PBXBuildFile; fileRef = E2CA50F11A88677A00C2BB03 /* Main.storyboard */; };
		E2CA50F51A88677A00C2BB03 /* Images.xcassets in Resources */ = {isa = PBXBuildFile; fileRef = E2CA50F41A88677A00C2BB03 /* Images.xcassets */; };
		E2CA50F81A88677A00C2BB03 /* LaunchScreen.xib in Resources */ = {isa = PBXBuildFile; fileRef = E2CA50F61A88677A00C2BB03 /* LaunchScreen.xib */; };
		E2CA51041A88677A00C2BB03 /* CrowdCheerTests.m in Sources */ = {isa = PBXBuildFile; fileRef = E2CA51031A88677A00C2BB03 /* CrowdCheerTests.m */; };
		E2CA51141A886C1D00C2BB03 /* MapKit.framework in Frameworks */ = {isa = PBXBuildFile; fileRef = E2CA51131A886C1D00C2BB03 /* MapKit.framework */; };
		E2CA51161A886C3800C2BB03 /* CoreGraphics.framework in Frameworks */ = {isa = PBXBuildFile; fileRef = E2CA51151A886C3800C2BB03 /* CoreGraphics.framework */; };
		E2CA51181A886C3E00C2BB03 /* CoreData.framework in Frameworks */ = {isa = PBXBuildFile; fileRef = E2CA51171A886C3E00C2BB03 /* CoreData.framework */; };
		E2CA511A1A886C4600C2BB03 /* UIKit.framework in Frameworks */ = {isa = PBXBuildFile; fileRef = E2CA51191A886C4600C2BB03 /* UIKit.framework */; };
		E2CA511C1A886C4C00C2BB03 /* Foundation.framework in Frameworks */ = {isa = PBXBuildFile; fileRef = E2CA511B1A886C4C00C2BB03 /* Foundation.framework */; };
		E2CA516E1A89219900C2BB03 /* success.wav in Resources */ = {isa = PBXBuildFile; fileRef = E2CA51431A89219900C2BB03 /* success.wav */; };
		E2CA51751A8928AA00C2BB03 /* GLKit.framework in Frameworks */ = {isa = PBXBuildFile; fileRef = E2CA51741A8928AA00C2BB03 /* GLKit.framework */; };
		E2CA51791A8928BF00C2BB03 /* CoreFoundation.framework in Frameworks */ = {isa = PBXBuildFile; fileRef = E2CA51781A8928BF00C2BB03 /* CoreFoundation.framework */; };
		E2CA517B1A8928C800C2BB03 /* CoreLocation.framework in Frameworks */ = {isa = PBXBuildFile; fileRef = E2CA517A1A8928C800C2BB03 /* CoreLocation.framework */; };
		E2CA51881A89D51100C2BB03 /* MathController.m in Sources */ = {isa = PBXBuildFile; fileRef = E2CA51871A89D51100C2BB03 /* MathController.m */; };
		E2E0C7181D6DE1D6005CCF4D /* DashboardViewController.swift in Sources */ = {isa = PBXBuildFile; fileRef = E2E0C7171D6DE1D5005CCF4D /* DashboardViewController.swift */; };
		E2ED438F1C99BA690056AC47 /* silence.mp3 in Resources */ = {isa = PBXBuildFile; fileRef = E2ED438E1C99BA690056AC47 /* silence.mp3 */; };
		E2ED43931CA193C20056AC47 /* RoleViewController.swift in Sources */ = {isa = PBXBuildFile; fileRef = E2ED43921CA193C20056AC47 /* RoleViewController.swift */; };
		E2EFA7C71C5A77C700974475 /* Monitor.swift in Sources */ = {isa = PBXBuildFile; fileRef = E2EFA7C61C5A77C700974475 /* Monitor.swift */; };
		E2EFA7CB1C5A800F00974475 /* Track.swift in Sources */ = {isa = PBXBuildFile; fileRef = E2EFA7CA1C5A800F00974475 /* Track.swift */; };
		E2EFA7CD1C5A802C00974475 /* Verify.swift in Sources */ = {isa = PBXBuildFile; fileRef = E2EFA7CC1C5A802C00974475 /* Verify.swift */; };
		E2EFA7CF1C5A804900974475 /* Update.swift in Sources */ = {isa = PBXBuildFile; fileRef = E2EFA7CE1C5A804900974475 /* Update.swift */; };
		E2EFA7D11C5FEAD700974475 /* TrackViewController.swift in Sources */ = {isa = PBXBuildFile; fileRef = E2EFA7D01C5FEAD700974475 /* TrackViewController.swift */; };
		E2F0C54A1B710D3200EF6B87 /* AVFoundation.framework in Frameworks */ = {isa = PBXBuildFile; fileRef = E2F0C5491B710D3200EF6B87 /* AVFoundation.framework */; };
		E2F481851C8E8B0C00D3FBC8 /* apple-icon-114x114.png in Resources */ = {isa = PBXBuildFile; fileRef = E2F4816A1C8E8B0C00D3FBC8 /* apple-icon-114x114.png */; };
		E2F481861C8E8B0C00D3FBC8 /* apple-icon-120x120.png in Resources */ = {isa = PBXBuildFile; fileRef = E2F4816B1C8E8B0C00D3FBC8 /* apple-icon-120x120.png */; };
		E2F481871C8E8B0C00D3FBC8 /* apple-icon-144x144.png in Resources */ = {isa = PBXBuildFile; fileRef = E2F4816C1C8E8B0C00D3FBC8 /* apple-icon-144x144.png */; };
		E2F481881C8E8B0C00D3FBC8 /* apple-icon-152x152.png in Resources */ = {isa = PBXBuildFile; fileRef = E2F4816D1C8E8B0C00D3FBC8 /* apple-icon-152x152.png */; };
		E2F481891C8E8B0C00D3FBC8 /* apple-icon-180x180.png in Resources */ = {isa = PBXBuildFile; fileRef = E2F4816E1C8E8B0C00D3FBC8 /* apple-icon-180x180.png */; };
		E2F4818A1C8E8B0C00D3FBC8 /* apple-icon-57x57.png in Resources */ = {isa = PBXBuildFile; fileRef = E2F4816F1C8E8B0C00D3FBC8 /* apple-icon-57x57.png */; };
		E2F4818B1C8E8B0C00D3FBC8 /* apple-icon-60x60.png in Resources */ = {isa = PBXBuildFile; fileRef = E2F481701C8E8B0C00D3FBC8 /* apple-icon-60x60.png */; };
		E2F4818C1C8E8B0C00D3FBC8 /* apple-icon-72x72.png in Resources */ = {isa = PBXBuildFile; fileRef = E2F481711C8E8B0C00D3FBC8 /* apple-icon-72x72.png */; };
		E2F4818D1C8E8B0C00D3FBC8 /* apple-icon-76x76.png in Resources */ = {isa = PBXBuildFile; fileRef = E2F481721C8E8B0C00D3FBC8 /* apple-icon-76x76.png */; };
		E2F4818E1C8E8B0C00D3FBC8 /* apple-icon-precomposed.png in Resources */ = {isa = PBXBuildFile; fileRef = E2F481731C8E8B0C00D3FBC8 /* apple-icon-precomposed.png */; };
		E2F4818F1C8E8B0C00D3FBC8 /* apple-icon.png in Resources */ = {isa = PBXBuildFile; fileRef = E2F481741C8E8B0C00D3FBC8 /* apple-icon.png */; };
		E2F4819E1C8F25E200D3FBC8 /* PrerunViewController.swift in Sources */ = {isa = PBXBuildFile; fileRef = E2F4819B1C8F25E200D3FBC8 /* PrerunViewController.swift */; };
		E2F4819F1C8F25E200D3FBC8 /* RunViewController.swift in Sources */ = {isa = PBXBuildFile; fileRef = E2F4819C1C8F25E200D3FBC8 /* RunViewController.swift */; };
		E2F481A11C8F2D3300D3FBC8 /* ProfileViewController.swift in Sources */ = {isa = PBXBuildFile; fileRef = E2F481A01C8F2D3300D3FBC8 /* ProfileViewController.swift */; };
/* End PBXBuildFile section */

/* Begin PBXContainerItemProxy section */
		E2CA50FE1A88677A00C2BB03 /* PBXContainerItemProxy */ = {
			isa = PBXContainerItemProxy;
			containerPortal = E2CA50D61A88677A00C2BB03 /* Project object */;
			proxyType = 1;
			remoteGlobalIDString = E2CA50DD1A88677A00C2BB03;
			remoteInfo = CrowdCheer;
		};
/* End PBXContainerItemProxy section */

/* Begin PBXFileReference section */
		E20803CE1D5E257700F3E2DB /* clock.png */ = {isa = PBXFileReference; lastKnownFileType = image.png; path = clock.png; sourceTree = "<group>"; };
		E20803CF1D5E257700F3E2DB /* gps.png */ = {isa = PBXFileReference; lastKnownFileType = image.png; path = gps.png; sourceTree = "<group>"; };
		E20803D01D5E257700F3E2DB /* heart.png */ = {isa = PBXFileReference; lastKnownFileType = image.png; path = heart.png; sourceTree = "<group>"; };
		E20803D11D5E257700F3E2DB /* location.png */ = {isa = PBXFileReference; lastKnownFileType = image.png; path = location.png; sourceTree = "<group>"; };
		E20803D21D5E257700F3E2DB /* megaphone.png */ = {isa = PBXFileReference; lastKnownFileType = image.png; path = megaphone.png; sourceTree = "<group>"; };
		E20803D31D5E257700F3E2DB /* myrunner.png */ = {isa = PBXFileReference; lastKnownFileType = image.png; path = myrunner.png; sourceTree = "<group>"; };
		E20803D41D5E257700F3E2DB /* profile.png */ = {isa = PBXFileReference; lastKnownFileType = image.png; path = profile.png; sourceTree = "<group>"; };
		E20803D51D5E257700F3E2DB /* profileDefault.png */ = {isa = PBXFileReference; lastKnownFileType = image.png; path = profileDefault.png; sourceTree = "<group>"; };
		E20803D61D5E257700F3E2DB /* runner.png */ = {isa = PBXFileReference; lastKnownFileType = image.png; path = runner.png; sourceTree = "<group>"; };
		E20803D71D5E257700F3E2DB /* running.png */ = {isa = PBXFileReference; lastKnownFileType = image.png; path = running.png; sourceTree = "<group>"; };
		E20803D81D5E257700F3E2DB /* settings.png */ = {isa = PBXFileReference; lastKnownFileType = image.png; path = settings.png; sourceTree = "<group>"; };
		E20803D91D5E257700F3E2DB /* smartphone.png */ = {isa = PBXFileReference; lastKnownFileType = image.png; path = smartphone.png; sourceTree = "<group>"; };
		E20803E61D5E32E700F3E2DB /* map.png */ = {isa = PBXFileReference; lastKnownFileType = image.png; path = map.png; sourceTree = "<group>"; };
		E20803E81D5E4C5900F3E2DB /* tracking.png */ = {isa = PBXFileReference; lastKnownFileType = image.png; path = tracking.png; sourceTree = "<group>"; };
		E22FFC151E9460CC00C34EDA /* Reachability.swift */ = {isa = PBXFileReference; fileEncoding = 4; lastKnownFileType = sourcecode.swift; name = Reachability.swift; path = CrowdCheer/Reachability.swift; sourceTree = "<group>"; };
		E23A348F1B4B016C000D9CE2 /* CoreBluetooth.framework */ = {isa = PBXFileReference; lastKnownFileType = wrapper.framework; name = CoreBluetooth.framework; path = System/Library/Frameworks/CoreBluetooth.framework; sourceTree = SDKROOT; };
		E23A34911B4B01A5000D9CE2 /* EstimoteSDK.framework */ = {isa = PBXFileReference; lastKnownFileType = wrapper.framework; name = EstimoteSDK.framework; path = "../Estimote iOS SDK/EstimoteSDK/EstimoteSDK.framework"; sourceTree = "<group>"; };
		E240F4771B6BBEB6008C9580 /* Ford.gpx */ = {isa = PBXFileReference; fileEncoding = 4; lastKnownFileType = text.xml; path = Ford.gpx; sourceTree = "<group>"; };
		E254BE601C6B955F00C9FD8B /* RunnerAnnotation.swift */ = {isa = PBXFileReference; fileEncoding = 4; lastKnownFileType = sourcecode.swift; name = RunnerAnnotation.swift; path = CrowdCheer/RunnerAnnotation.swift; sourceTree = "<group>"; };
		E254BE621C6B978200C9FD8B /* RunnerAnnotationView.swift */ = {isa = PBXFileReference; fileEncoding = 4; lastKnownFileType = sourcecode.swift; name = RunnerAnnotationView.swift; path = CrowdCheer/Views/RunnerAnnotationView.swift; sourceTree = "<group>"; };
		E254BE6C1C6BCB1000C9FD8B /* AppDelegate.swift */ = {isa = PBXFileReference; fileEncoding = 4; lastKnownFileType = sourcecode.swift; name = AppDelegate.swift; path = CrowdCheer/AppDelegate.swift; sourceTree = "<group>"; };
		E254BEA81C6D0D3F00C9FD8B /* SignUpViewController.swift */ = {isa = PBXFileReference; fileEncoding = 4; lastKnownFileType = sourcecode.swift; name = SignUpViewController.swift; path = CrowdCheer/Views/SignUpViewController.swift; sourceTree = "<group>"; };
		E254BEB31C74F26100C9FD8B /* CheerViewController.swift */ = {isa = PBXFileReference; fileEncoding = 4; lastKnownFileType = sourcecode.swift; name = CheerViewController.swift; path = CrowdCheer/Views/CheerViewController.swift; sourceTree = "<group>"; };
		E25A5E831CC572E80046C809 /* Match.swift */ = {isa = PBXFileReference; fileEncoding = 4; lastKnownFileType = sourcecode.swift; name = Match.swift; path = CrowdCheer/Match.swift; sourceTree = "<group>"; };
		E26E52901D01EB6C001324C8 /* AffinityViewController.swift */ = {isa = PBXFileReference; fileEncoding = 4; lastKnownFileType = sourcecode.swift; name = AffinityViewController.swift; path = CrowdCheer/Views/AffinityViewController.swift; sourceTree = "<group>"; };
		E28E68B31BFC341A008C6A0A /* Users.swift */ = {isa = PBXFileReference; fileEncoding = 4; lastKnownFileType = sourcecode.swift; name = Users.swift; path = CrowdCheer/Users.swift; sourceTree = "<group>"; };
		E28E68BB1BFC34F5008C6A0A /* RaceViewController.swift */ = {isa = PBXFileReference; fileEncoding = 4; lastKnownFileType = sourcecode.swift; name = RaceViewController.swift; path = CrowdCheer/Views/RaceViewController.swift; sourceTree = "<group>"; };
		E292A3AE1CCAAECA0061B19A /* CrowdCheer.xcdatamodel */ = {isa = PBXFileReference; lastKnownFileType = wrapper.xcdatamodel; path = CrowdCheer.xcdatamodel; sourceTree = "<group>"; };
		E29375F71BEBF776003FC150 /* CrowdCheer-Bridging-Header.h */ = {isa = PBXFileReference; lastKnownFileType = sourcecode.c.h; name = "CrowdCheer-Bridging-Header.h"; path = "CrowdCheer/CrowdCheer-Bridging-Header.h"; sourceTree = "<group>"; };
		E2AD20081A9A972C00B1BEFE /* Bolts.framework */ = {isa = PBXFileReference; lastKnownFileType = wrapper.framework; path = Bolts.framework; sourceTree = "<group>"; };
		E2AD200C1A9A978700B1BEFE /* AudioToolbox.framework */ = {isa = PBXFileReference; lastKnownFileType = wrapper.framework; name = AudioToolbox.framework; path = System/Library/Frameworks/AudioToolbox.framework; sourceTree = SDKROOT; };
		E2AD200E1A9A97E400B1BEFE /* CFNetwork.framework */ = {isa = PBXFileReference; lastKnownFileType = wrapper.framework; name = CFNetwork.framework; path = System/Library/Frameworks/CFNetwork.framework; sourceTree = SDKROOT; };
		E2AD200F1A9A97E400B1BEFE /* libsqlite3.dylib */ = {isa = PBXFileReference; lastKnownFileType = "compiled.mach-o.dylib"; name = libsqlite3.dylib; path = usr/lib/libsqlite3.dylib; sourceTree = SDKROOT; };
		E2AD20101A9A97E400B1BEFE /* libz.dylib */ = {isa = PBXFileReference; lastKnownFileType = "compiled.mach-o.dylib"; name = libz.dylib; path = usr/lib/libz.dylib; sourceTree = SDKROOT; };
		E2AD20111A9A97E400B1BEFE /* MobileCoreServices.framework */ = {isa = PBXFileReference; lastKnownFileType = wrapper.framework; name = MobileCoreServices.framework; path = System/Library/Frameworks/MobileCoreServices.framework; sourceTree = SDKROOT; };
		E2AD20121A9A97E400B1BEFE /* QuartzCore.framework */ = {isa = PBXFileReference; lastKnownFileType = wrapper.framework; name = QuartzCore.framework; path = System/Library/Frameworks/QuartzCore.framework; sourceTree = SDKROOT; };
		E2AD20131A9A97E400B1BEFE /* Security.framework */ = {isa = PBXFileReference; lastKnownFileType = wrapper.framework; name = Security.framework; path = System/Library/Frameworks/Security.framework; sourceTree = SDKROOT; };
		E2AD20151A9A97E500B1BEFE /* SystemConfiguration.framework */ = {isa = PBXFileReference; lastKnownFileType = wrapper.framework; name = SystemConfiguration.framework; path = System/Library/Frameworks/SystemConfiguration.framework; sourceTree = SDKROOT; };
		E2ADB5D61A9D0A63007EC795 /* Accounts.framework */ = {isa = PBXFileReference; lastKnownFileType = wrapper.framework; name = Accounts.framework; path = System/Library/Frameworks/Accounts.framework; sourceTree = SDKROOT; };
		E2ADB5D81A9D0A72007EC795 /* Social.framework */ = {isa = PBXFileReference; lastKnownFileType = wrapper.framework; name = Social.framework; path = System/Library/Frameworks/Social.framework; sourceTree = SDKROOT; };
		E2ADB5E61A9E6808007EC795 /* Parse.framework */ = {isa = PBXFileReference; lastKnownFileType = wrapper.framework; path = Parse.framework; sourceTree = "<group>"; };
		E2CA50DE1A88677A00C2BB03 /* CrowdCheer.app */ = {isa = PBXFileReference; explicitFileType = wrapper.application; includeInIndex = 0; path = CrowdCheer.app; sourceTree = BUILT_PRODUCTS_DIR; };
		E2CA50E21A88677A00C2BB03 /* Info.plist */ = {isa = PBXFileReference; lastKnownFileType = text.plist.xml; path = Info.plist; sourceTree = "<group>"; };
		E2CA50E31A88677A00C2BB03 /* main.m */ = {isa = PBXFileReference; lastKnownFileType = sourcecode.c.objc; path = main.m; sourceTree = "<group>"; };
		E2CA50F21A88677A00C2BB03 /* Base */ = {isa = PBXFileReference; lastKnownFileType = file.storyboard; name = Base; path = Base.lproj/Main.storyboard; sourceTree = "<group>"; };
		E2CA50F41A88677A00C2BB03 /* Images.xcassets */ = {isa = PBXFileReference; lastKnownFileType = folder.assetcatalog; path = Images.xcassets; sourceTree = "<group>"; };
		E2CA50F71A88677A00C2BB03 /* Base */ = {isa = PBXFileReference; lastKnownFileType = file.xib; name = Base; path = Base.lproj/LaunchScreen.xib; sourceTree = "<group>"; };
		E2CA50FD1A88677A00C2BB03 /* CrowdCheerTests.xctest */ = {isa = PBXFileReference; explicitFileType = wrapper.cfbundle; includeInIndex = 0; path = CrowdCheerTests.xctest; sourceTree = BUILT_PRODUCTS_DIR; };
		E2CA51021A88677A00C2BB03 /* Info.plist */ = {isa = PBXFileReference; lastKnownFileType = text.plist.xml; path = Info.plist; sourceTree = "<group>"; };
		E2CA51031A88677A00C2BB03 /* CrowdCheerTests.m */ = {isa = PBXFileReference; lastKnownFileType = sourcecode.c.objc; path = CrowdCheerTests.m; sourceTree = "<group>"; };
		E2CA51131A886C1D00C2BB03 /* MapKit.framework */ = {isa = PBXFileReference; lastKnownFileType = wrapper.framework; name = MapKit.framework; path = System/Library/Frameworks/MapKit.framework; sourceTree = SDKROOT; };
		E2CA51151A886C3800C2BB03 /* CoreGraphics.framework */ = {isa = PBXFileReference; lastKnownFileType = wrapper.framework; name = CoreGraphics.framework; path = System/Library/Frameworks/CoreGraphics.framework; sourceTree = SDKROOT; };
		E2CA51171A886C3E00C2BB03 /* CoreData.framework */ = {isa = PBXFileReference; lastKnownFileType = wrapper.framework; name = CoreData.framework; path = System/Library/Frameworks/CoreData.framework; sourceTree = SDKROOT; };
		E2CA51191A886C4600C2BB03 /* UIKit.framework */ = {isa = PBXFileReference; lastKnownFileType = wrapper.framework; name = UIKit.framework; path = System/Library/Frameworks/UIKit.framework; sourceTree = SDKROOT; };
		E2CA511B1A886C4C00C2BB03 /* Foundation.framework */ = {isa = PBXFileReference; lastKnownFileType = wrapper.framework; name = Foundation.framework; path = System/Library/Frameworks/Foundation.framework; sourceTree = SDKROOT; };
		E2CA51431A89219900C2BB03 /* success.wav */ = {isa = PBXFileReference; lastKnownFileType = audio.wav; path = success.wav; sourceTree = "<group>"; };
		E2CA51741A8928AA00C2BB03 /* GLKit.framework */ = {isa = PBXFileReference; lastKnownFileType = wrapper.framework; name = GLKit.framework; path = System/Library/Frameworks/GLKit.framework; sourceTree = SDKROOT; };
		E2CA51781A8928BF00C2BB03 /* CoreFoundation.framework */ = {isa = PBXFileReference; lastKnownFileType = wrapper.framework; name = CoreFoundation.framework; path = System/Library/Frameworks/CoreFoundation.framework; sourceTree = SDKROOT; };
		E2CA517A1A8928C800C2BB03 /* CoreLocation.framework */ = {isa = PBXFileReference; lastKnownFileType = wrapper.framework; name = CoreLocation.framework; path = System/Library/Frameworks/CoreLocation.framework; sourceTree = SDKROOT; };
		E2CA51861A89D51100C2BB03 /* MathController.h */ = {isa = PBXFileReference; fileEncoding = 4; lastKnownFileType = sourcecode.c.h; name = MathController.h; path = CrowdCheer/MathController.h; sourceTree = "<group>"; };
		E2CA51871A89D51100C2BB03 /* MathController.m */ = {isa = PBXFileReference; fileEncoding = 4; lastKnownFileType = sourcecode.c.objc; name = MathController.m; path = CrowdCheer/MathController.m; sourceTree = "<group>"; };
		E2E0C7171D6DE1D5005CCF4D /* DashboardViewController.swift */ = {isa = PBXFileReference; fileEncoding = 4; lastKnownFileType = sourcecode.swift; name = DashboardViewController.swift; path = CrowdCheer/Views/DashboardViewController.swift; sourceTree = "<group>"; };
		E2ED438E1C99BA690056AC47 /* silence.mp3 */ = {isa = PBXFileReference; lastKnownFileType = audio.mp3; path = silence.mp3; sourceTree = "<group>"; };
		E2ED43921CA193C20056AC47 /* RoleViewController.swift */ = {isa = PBXFileReference; fileEncoding = 4; lastKnownFileType = sourcecode.swift; name = RoleViewController.swift; path = CrowdCheer/Views/RoleViewController.swift; sourceTree = "<group>"; };
		E2EFA7C61C5A77C700974475 /* Monitor.swift */ = {isa = PBXFileReference; fileEncoding = 4; lastKnownFileType = sourcecode.swift; name = Monitor.swift; path = CrowdCheer/Monitor.swift; sourceTree = "<group>"; };
		E2EFA7CA1C5A800F00974475 /* Track.swift */ = {isa = PBXFileReference; fileEncoding = 4; lastKnownFileType = sourcecode.swift; name = Track.swift; path = CrowdCheer/Track.swift; sourceTree = "<group>"; };
		E2EFA7CC1C5A802C00974475 /* Verify.swift */ = {isa = PBXFileReference; fileEncoding = 4; lastKnownFileType = sourcecode.swift; name = Verify.swift; path = CrowdCheer/Verify.swift; sourceTree = "<group>"; };
		E2EFA7CE1C5A804900974475 /* Update.swift */ = {isa = PBXFileReference; fileEncoding = 4; lastKnownFileType = sourcecode.swift; name = Update.swift; path = CrowdCheer/Update.swift; sourceTree = "<group>"; };
		E2EFA7D01C5FEAD700974475 /* TrackViewController.swift */ = {isa = PBXFileReference; fileEncoding = 4; lastKnownFileType = sourcecode.swift; name = TrackViewController.swift; path = CrowdCheer/Views/TrackViewController.swift; sourceTree = "<group>"; };
		E2F0C5491B710D3200EF6B87 /* AVFoundation.framework */ = {isa = PBXFileReference; lastKnownFileType = wrapper.framework; name = AVFoundation.framework; path = System/Library/Frameworks/AVFoundation.framework; sourceTree = SDKROOT; };
		E2F4816A1C8E8B0C00D3FBC8 /* apple-icon-114x114.png */ = {isa = PBXFileReference; lastKnownFileType = image.png; path = "apple-icon-114x114.png"; sourceTree = "<group>"; };
		E2F4816B1C8E8B0C00D3FBC8 /* apple-icon-120x120.png */ = {isa = PBXFileReference; lastKnownFileType = image.png; path = "apple-icon-120x120.png"; sourceTree = "<group>"; };
		E2F4816C1C8E8B0C00D3FBC8 /* apple-icon-144x144.png */ = {isa = PBXFileReference; lastKnownFileType = image.png; path = "apple-icon-144x144.png"; sourceTree = "<group>"; };
		E2F4816D1C8E8B0C00D3FBC8 /* apple-icon-152x152.png */ = {isa = PBXFileReference; lastKnownFileType = image.png; path = "apple-icon-152x152.png"; sourceTree = "<group>"; };
		E2F4816E1C8E8B0C00D3FBC8 /* apple-icon-180x180.png */ = {isa = PBXFileReference; lastKnownFileType = image.png; path = "apple-icon-180x180.png"; sourceTree = "<group>"; };
		E2F4816F1C8E8B0C00D3FBC8 /* apple-icon-57x57.png */ = {isa = PBXFileReference; lastKnownFileType = image.png; path = "apple-icon-57x57.png"; sourceTree = "<group>"; };
		E2F481701C8E8B0C00D3FBC8 /* apple-icon-60x60.png */ = {isa = PBXFileReference; lastKnownFileType = image.png; path = "apple-icon-60x60.png"; sourceTree = "<group>"; };
		E2F481711C8E8B0C00D3FBC8 /* apple-icon-72x72.png */ = {isa = PBXFileReference; lastKnownFileType = image.png; path = "apple-icon-72x72.png"; sourceTree = "<group>"; };
		E2F481721C8E8B0C00D3FBC8 /* apple-icon-76x76.png */ = {isa = PBXFileReference; lastKnownFileType = image.png; path = "apple-icon-76x76.png"; sourceTree = "<group>"; };
		E2F481731C8E8B0C00D3FBC8 /* apple-icon-precomposed.png */ = {isa = PBXFileReference; lastKnownFileType = image.png; path = "apple-icon-precomposed.png"; sourceTree = "<group>"; };
		E2F481741C8E8B0C00D3FBC8 /* apple-icon.png */ = {isa = PBXFileReference; lastKnownFileType = image.png; path = "apple-icon.png"; sourceTree = "<group>"; };
		E2F4819B1C8F25E200D3FBC8 /* PrerunViewController.swift */ = {isa = PBXFileReference; fileEncoding = 4; lastKnownFileType = sourcecode.swift; name = PrerunViewController.swift; path = CrowdCheer/Views/PrerunViewController.swift; sourceTree = "<group>"; };
		E2F4819C1C8F25E200D3FBC8 /* RunViewController.swift */ = {isa = PBXFileReference; fileEncoding = 4; lastKnownFileType = sourcecode.swift; name = RunViewController.swift; path = CrowdCheer/Views/RunViewController.swift; sourceTree = "<group>"; };
		E2F481A01C8F2D3300D3FBC8 /* ProfileViewController.swift */ = {isa = PBXFileReference; fileEncoding = 4; lastKnownFileType = sourcecode.swift; name = ProfileViewController.swift; path = CrowdCheer/Views/ProfileViewController.swift; sourceTree = "<group>"; };
		F7AAC48DA163158EAFEBF0D7 /* Pods.framework */ = {isa = PBXFileReference; explicitFileType = wrapper.framework; includeInIndex = 0; path = Pods.framework; sourceTree = BUILT_PRODUCTS_DIR; };
/* End PBXFileReference section */

/* Begin PBXFrameworksBuildPhase section */
		E2CA50DB1A88677A00C2BB03 /* Frameworks */ = {
			isa = PBXFrameworksBuildPhase;
			buildActionMask = 2147483647;
			files = (
				E2F0C54A1B710D3200EF6B87 /* AVFoundation.framework in Frameworks */,
				E23A34901B4B016C000D9CE2 /* CoreBluetooth.framework in Frameworks */,
				E2ADB5D91A9D0A72007EC795 /* Social.framework in Frameworks */,
				E2ADB5D71A9D0A63007EC795 /* Accounts.framework in Frameworks */,
				E2AD20161A9A97E500B1BEFE /* CFNetwork.framework in Frameworks */,
				E2AD20171A9A97E500B1BEFE /* libsqlite3.dylib in Frameworks */,
				E2AD20181A9A97E500B1BEFE /* libz.dylib in Frameworks */,
				E2AD20191A9A97E500B1BEFE /* MobileCoreServices.framework in Frameworks */,
				E2AD201A1A9A97E500B1BEFE /* QuartzCore.framework in Frameworks */,
				E2AD201B1A9A97E500B1BEFE /* Security.framework in Frameworks */,
				E2AD201D1A9A97E500B1BEFE /* SystemConfiguration.framework in Frameworks */,
				E2CA51161A886C3800C2BB03 /* CoreGraphics.framework in Frameworks */,
				E2CA517B1A8928C800C2BB03 /* CoreLocation.framework in Frameworks */,
				E2AD200D1A9A978700B1BEFE /* AudioToolbox.framework in Frameworks */,
				E2CA51791A8928BF00C2BB03 /* CoreFoundation.framework in Frameworks */,
				E2CA51751A8928AA00C2BB03 /* GLKit.framework in Frameworks */,
				E2ADB5E71A9E6808007EC795 /* Parse.framework in Frameworks */,
				E2CA511C1A886C4C00C2BB03 /* Foundation.framework in Frameworks */,
				E2AD20091A9A972C00B1BEFE /* Bolts.framework in Frameworks */,
				E2CA511A1A886C4600C2BB03 /* UIKit.framework in Frameworks */,
				E2CA51181A886C3E00C2BB03 /* CoreData.framework in Frameworks */,
				E2CA51141A886C1D00C2BB03 /* MapKit.framework in Frameworks */,
			);
			runOnlyForDeploymentPostprocessing = 0;
		};
		E2CA50FA1A88677A00C2BB03 /* Frameworks */ = {
			isa = PBXFrameworksBuildPhase;
			buildActionMask = 2147483647;
			files = (
			);
			runOnlyForDeploymentPostprocessing = 0;
		};
/* End PBXFrameworksBuildPhase section */

/* Begin PBXGroup section */
		E20803CD1D5E257700F3E2DB /* appIcons */ = {
			isa = PBXGroup;
			children = (
				E20803E81D5E4C5900F3E2DB /* tracking.png */,
				E20803E61D5E32E700F3E2DB /* map.png */,
				E20803CE1D5E257700F3E2DB /* clock.png */,
				E20803CF1D5E257700F3E2DB /* gps.png */,
				E20803D01D5E257700F3E2DB /* heart.png */,
				E20803D11D5E257700F3E2DB /* location.png */,
				E20803D21D5E257700F3E2DB /* megaphone.png */,
				E20803D31D5E257700F3E2DB /* myrunner.png */,
				E20803D41D5E257700F3E2DB /* profile.png */,
				E20803D51D5E257700F3E2DB /* profileDefault.png */,
				E20803D61D5E257700F3E2DB /* runner.png */,
				E20803D71D5E257700F3E2DB /* running.png */,
				E20803D81D5E257700F3E2DB /* settings.png */,
				E20803D91D5E257700F3E2DB /* smartphone.png */,
			);
			path = appIcons;
			sourceTree = "<group>";
		};
		E29375851BEBC784003FC150 /* Views */ = {
			isa = PBXGroup;
			children = (
				E254BEA81C6D0D3F00C9FD8B /* SignUpViewController.swift */,
				E2ED43921CA193C20056AC47 /* RoleViewController.swift */,
				E2F481A01C8F2D3300D3FBC8 /* ProfileViewController.swift */,
				E2F4819B1C8F25E200D3FBC8 /* PrerunViewController.swift */,
				E2F4819C1C8F25E200D3FBC8 /* RunViewController.swift */,
				E26E52901D01EB6C001324C8 /* AffinityViewController.swift */,
				E2E0C7171D6DE1D5005CCF4D /* DashboardViewController.swift */,
				E28E68BB1BFC34F5008C6A0A /* RaceViewController.swift */,
				E2EFA7D01C5FEAD700974475 /* TrackViewController.swift */,
				E254BEB31C74F26100C9FD8B /* CheerViewController.swift */,
				E254BE621C6B978200C9FD8B /* RunnerAnnotationView.swift */,
			);
			name = Views;
			sourceTree = "<group>";
		};
		E2AD20071A9A96B400B1BEFE /* Frameworks */ = {
			isa = PBXGroup;
			children = (
				E2F0C5491B710D3200EF6B87 /* AVFoundation.framework */,
				E23A34911B4B01A5000D9CE2 /* EstimoteSDK.framework */,
				E23A348F1B4B016C000D9CE2 /* CoreBluetooth.framework */,
				E2ADB5E61A9E6808007EC795 /* Parse.framework */,
				E2ADB5D81A9D0A72007EC795 /* Social.framework */,
				E2ADB5D61A9D0A63007EC795 /* Accounts.framework */,
				E2AD200E1A9A97E400B1BEFE /* CFNetwork.framework */,
				E2AD20111A9A97E400B1BEFE /* MobileCoreServices.framework */,
				E2AD20121A9A97E400B1BEFE /* QuartzCore.framework */,
				E2AD20131A9A97E400B1BEFE /* Security.framework */,
				E2AD20151A9A97E500B1BEFE /* SystemConfiguration.framework */,
				E2AD200C1A9A978700B1BEFE /* AudioToolbox.framework */,
				E2AD20081A9A972C00B1BEFE /* Bolts.framework */,
				E2CA511B1A886C4C00C2BB03 /* Foundation.framework */,
				E2CA51191A886C4600C2BB03 /* UIKit.framework */,
				E2CA51171A886C3E00C2BB03 /* CoreData.framework */,
				E2CA51151A886C3800C2BB03 /* CoreGraphics.framework */,
				E2CA51131A886C1D00C2BB03 /* MapKit.framework */,
				E2CA517A1A8928C800C2BB03 /* CoreLocation.framework */,
				E2CA51781A8928BF00C2BB03 /* CoreFoundation.framework */,
				E2CA51741A8928AA00C2BB03 /* GLKit.framework */,
				F7AAC48DA163158EAFEBF0D7 /* Pods.framework */,
				E2AD20101A9A97E400B1BEFE /* libz.dylib */,
				E2AD200F1A9A97E400B1BEFE /* libsqlite3.dylib */,
			);
			name = Frameworks;
			sourceTree = "<group>";
		};
		E2CA50D51A88677A00C2BB03 = {
			isa = PBXGroup;
			children = (
				E29375851BEBC784003FC150 /* Views */,
				E28E68B31BFC341A008C6A0A /* Users.swift */,
				E2EFA7C61C5A77C700974475 /* Monitor.swift */,
				E25A5E831CC572E80046C809 /* Match.swift */,
				E2EFA7CA1C5A800F00974475 /* Track.swift */,
				E2EFA7CC1C5A802C00974475 /* Verify.swift */,
				E22FFC151E9460CC00C34EDA /* Reachability.swift */,
				E2EFA7CE1C5A804900974475 /* Update.swift */,
				E254BE601C6B955F00C9FD8B /* RunnerAnnotation.swift */,
				E254BE6C1C6BCB1000C9FD8B /* AppDelegate.swift */,
				E29375F71BEBF776003FC150 /* CrowdCheer-Bridging-Header.h */,
				E2CA51861A89D51100C2BB03 /* MathController.h */,
				E2CA51871A89D51100C2BB03 /* MathController.m */,
				E2AD20071A9A96B400B1BEFE /* Frameworks */,
				E2CA511D1A89219900C2BB03 /* Resources */,
				E2CA50E01A88677A00C2BB03 /* CrowdCheer */,
				E2CA51001A88677A00C2BB03 /* CrowdCheerTests */,
				E2CA50DF1A88677A00C2BB03 /* Products */,
			);
			sourceTree = "<group>";
		};
		E2CA50DF1A88677A00C2BB03 /* Products */ = {
			isa = PBXGroup;
			children = (
				E2CA50DE1A88677A00C2BB03 /* CrowdCheer.app */,
				E2CA50FD1A88677A00C2BB03 /* CrowdCheerTests.xctest */,
			);
			name = Products;
			sourceTree = "<group>";
		};
		E2CA50E01A88677A00C2BB03 /* CrowdCheer */ = {
			isa = PBXGroup;
			children = (
				E292A3AD1CCAAECA0061B19A /* CrowdCheer.xcdatamodeld */,
				E2CA50F11A88677A00C2BB03 /* Main.storyboard */,
				E2CA50F41A88677A00C2BB03 /* Images.xcassets */,
				E2CA50F61A88677A00C2BB03 /* LaunchScreen.xib */,
				E2CA50E11A88677A00C2BB03 /* Supporting Files */,
			);
			path = CrowdCheer;
			sourceTree = "<group>";
		};
		E2CA50E11A88677A00C2BB03 /* Supporting Files */ = {
			isa = PBXGroup;
			children = (
				E2CA50E21A88677A00C2BB03 /* Info.plist */,
				E2CA50E31A88677A00C2BB03 /* main.m */,
			);
			name = "Supporting Files";
			sourceTree = "<group>";
		};
		E2CA51001A88677A00C2BB03 /* CrowdCheerTests */ = {
			isa = PBXGroup;
			children = (
				E2CA51031A88677A00C2BB03 /* CrowdCheerTests.m */,
				E2CA51011A88677A00C2BB03 /* Supporting Files */,
			);
			path = CrowdCheerTests;
			sourceTree = "<group>";
		};
		E2CA51011A88677A00C2BB03 /* Supporting Files */ = {
			isa = PBXGroup;
			children = (
				E2CA51021A88677A00C2BB03 /* Info.plist */,
			);
			name = "Supporting Files";
			sourceTree = "<group>";
		};
		E2CA511D1A89219900C2BB03 /* Resources */ = {
			isa = PBXGroup;
			children = (
				E20803CD1D5E257700F3E2DB /* appIcons */,
				E2ED438E1C99BA690056AC47 /* silence.mp3 */,
				E2F481631C8E8B0C00D3FBC8 /* icons */,
				E240F4771B6BBEB6008C9580 /* Ford.gpx */,
				E2CA51431A89219900C2BB03 /* success.wav */,
			);
			name = Resources;
			path = resources;
			sourceTree = "<group>";
		};
		E2F481631C8E8B0C00D3FBC8 /* icons */ = {
			isa = PBXGroup;
			children = (
				E2F4816A1C8E8B0C00D3FBC8 /* apple-icon-114x114.png */,
				E2F4816B1C8E8B0C00D3FBC8 /* apple-icon-120x120.png */,
				E2F4816C1C8E8B0C00D3FBC8 /* apple-icon-144x144.png */,
				E2F4816D1C8E8B0C00D3FBC8 /* apple-icon-152x152.png */,
				E2F4816E1C8E8B0C00D3FBC8 /* apple-icon-180x180.png */,
				E2F4816F1C8E8B0C00D3FBC8 /* apple-icon-57x57.png */,
				E2F481701C8E8B0C00D3FBC8 /* apple-icon-60x60.png */,
				E2F481711C8E8B0C00D3FBC8 /* apple-icon-72x72.png */,
				E2F481721C8E8B0C00D3FBC8 /* apple-icon-76x76.png */,
				E2F481731C8E8B0C00D3FBC8 /* apple-icon-precomposed.png */,
				E2F481741C8E8B0C00D3FBC8 /* apple-icon.png */,
			);
			path = icons;
			sourceTree = "<group>";
		};
/* End PBXGroup section */

/* Begin PBXNativeTarget section */
		E2CA50DD1A88677A00C2BB03 /* CrowdCheer */ = {
			isa = PBXNativeTarget;
			buildConfigurationList = E2CA51071A88677A00C2BB03 /* Build configuration list for PBXNativeTarget "CrowdCheer" */;
			buildPhases = (
				E2CA50DA1A88677A00C2BB03 /* Sources */,
				E2CA50DB1A88677A00C2BB03 /* Frameworks */,
				E2CA50DC1A88677A00C2BB03 /* Resources */,
			);
			buildRules = (
			);
			dependencies = (
			);
			name = CrowdCheer;
			productName = CrowdCheer;
			productReference = E2CA50DE1A88677A00C2BB03 /* CrowdCheer.app */;
			productType = "com.apple.product-type.application";
		};
		E2CA50FC1A88677A00C2BB03 /* CrowdCheerTests */ = {
			isa = PBXNativeTarget;
			buildConfigurationList = E2CA510A1A88677A00C2BB03 /* Build configuration list for PBXNativeTarget "CrowdCheerTests" */;
			buildPhases = (
				E2CA50F91A88677A00C2BB03 /* Sources */,
				E2CA50FA1A88677A00C2BB03 /* Frameworks */,
				E2CA50FB1A88677A00C2BB03 /* Resources */,
			);
			buildRules = (
			);
			dependencies = (
				E2CA50FF1A88677A00C2BB03 /* PBXTargetDependency */,
			);
			name = CrowdCheerTests;
			productName = CrowdCheerTests;
			productReference = E2CA50FD1A88677A00C2BB03 /* CrowdCheerTests.xctest */;
			productType = "com.apple.product-type.bundle.unit-test";
		};
/* End PBXNativeTarget section */

/* Begin PBXProject section */
		E2CA50D61A88677A00C2BB03 /* Project object */ = {
			isa = PBXProject;
			attributes = {
				LastSwiftUpdateCheck = 0710;
				LastUpgradeCheck = 0830;
				ORGANIZATIONNAME = "Delta Lab";
				TargetAttributes = {
					E2CA50DD1A88677A00C2BB03 = {
						CreatedOnToolsVersion = 6.1.1;
						DevelopmentTeam = W4E2C6X642;
						LastSwiftMigration = 0830;
						ProvisioningStyle = Manual;
						SystemCapabilities = {
							com.apple.BackgroundModes = {
								enabled = 1;
							};
							com.apple.HealthKit = {
								enabled = 0;
							};
							com.apple.InAppPurchase = {
								enabled = 0;
							};
						};
					};
					E2CA50FC1A88677A00C2BB03 = {
						CreatedOnToolsVersion = 6.1.1;
						TestTargetID = E2CA50DD1A88677A00C2BB03;
					};
				};
			};
			buildConfigurationList = E2CA50D91A88677A00C2BB03 /* Build configuration list for PBXProject "CrowdCheer" */;
			compatibilityVersion = "Xcode 3.2";
			developmentRegion = English;
			hasScannedForEncodings = 0;
			knownRegions = (
				en,
				Base,
			);
			mainGroup = E2CA50D51A88677A00C2BB03;
			productRefGroup = E2CA50DF1A88677A00C2BB03 /* Products */;
			projectDirPath = "";
			projectRoot = "";
			targets = (
				E2CA50DD1A88677A00C2BB03 /* CrowdCheer */,
				E2CA50FC1A88677A00C2BB03 /* CrowdCheerTests */,
			);
		};
/* End PBXProject section */

/* Begin PBXResourcesBuildPhase section */
		E2CA50DC1A88677A00C2BB03 /* Resources */ = {
			isa = PBXResourcesBuildPhase;
			buildActionMask = 2147483647;
			files = (
				E2F481851C8E8B0C00D3FBC8 /* apple-icon-114x114.png in Resources */,
				E20803DD1D5E257700F3E2DB /* location.png in Resources */,
				E2F4818C1C8E8B0C00D3FBC8 /* apple-icon-72x72.png in Resources */,
				E20803E31D5E257700F3E2DB /* running.png in Resources */,
				E20803E11D5E257700F3E2DB /* profileDefault.png in Resources */,
				E2F4818D1C8E8B0C00D3FBC8 /* apple-icon-76x76.png in Resources */,
				E20803E41D5E257700F3E2DB /* settings.png in Resources */,
				E2F481871C8E8B0C00D3FBC8 /* apple-icon-144x144.png in Resources */,
				E20803E91D5E4C5900F3E2DB /* tracking.png in Resources */,
				E20803DF1D5E257700F3E2DB /* myrunner.png in Resources */,
				E2CA50F31A88677A00C2BB03 /* Main.storyboard in Resources */,
				E20803DB1D5E257700F3E2DB /* gps.png in Resources */,
				E2CA50F81A88677A00C2BB03 /* LaunchScreen.xib in Resources */,
				E240F4781B6BBEB6008C9580 /* Ford.gpx in Resources */,
				E2F481881C8E8B0C00D3FBC8 /* apple-icon-152x152.png in Resources */,
				E2F481891C8E8B0C00D3FBC8 /* apple-icon-180x180.png in Resources */,
				E20803E01D5E257700F3E2DB /* profile.png in Resources */,
				E2CA50F51A88677A00C2BB03 /* Images.xcassets in Resources */,
				E20803DC1D5E257700F3E2DB /* heart.png in Resources */,
				E2F4818E1C8E8B0C00D3FBC8 /* apple-icon-precomposed.png in Resources */,
				E2CA516E1A89219900C2BB03 /* success.wav in Resources */,
				E2ED438F1C99BA690056AC47 /* silence.mp3 in Resources */,
				E2F4818B1C8E8B0C00D3FBC8 /* apple-icon-60x60.png in Resources */,
				E20803DA1D5E257700F3E2DB /* clock.png in Resources */,
				E20803DE1D5E257700F3E2DB /* megaphone.png in Resources */,
				E20803E71D5E32E700F3E2DB /* map.png in Resources */,
				E2F481861C8E8B0C00D3FBC8 /* apple-icon-120x120.png in Resources */,
				E2F4818A1C8E8B0C00D3FBC8 /* apple-icon-57x57.png in Resources */,
				E2F4818F1C8E8B0C00D3FBC8 /* apple-icon.png in Resources */,
				E20803E51D5E257700F3E2DB /* smartphone.png in Resources */,
				E20803E21D5E257700F3E2DB /* runner.png in Resources */,
			);
			runOnlyForDeploymentPostprocessing = 0;
		};
		E2CA50FB1A88677A00C2BB03 /* Resources */ = {
			isa = PBXResourcesBuildPhase;
			buildActionMask = 2147483647;
			files = (
			);
			runOnlyForDeploymentPostprocessing = 0;
		};
/* End PBXResourcesBuildPhase section */

/* Begin PBXSourcesBuildPhase section */
		E2CA50DA1A88677A00C2BB03 /* Sources */ = {
			isa = PBXSourcesBuildPhase;
			buildActionMask = 2147483647;
			files = (
				E2EFA7CD1C5A802C00974475 /* Verify.swift in Sources */,
				E2E0C7181D6DE1D6005CCF4D /* DashboardViewController.swift in Sources */,
				E2F481A11C8F2D3300D3FBC8 /* ProfileViewController.swift in Sources */,
				E2F4819F1C8F25E200D3FBC8 /* RunViewController.swift in Sources */,
				E2CA51881A89D51100C2BB03 /* MathController.m in Sources */,
				E2EFA7CF1C5A804900974475 /* Update.swift in Sources */,
				E2F4819E1C8F25E200D3FBC8 /* PrerunViewController.swift in Sources */,
				E292A3AF1CCAAECA0061B19A /* CrowdCheer.xcdatamodeld in Sources */,
				E2EFA7C71C5A77C700974475 /* Monitor.swift in Sources */,
				E28E68BC1BFC34F5008C6A0A /* RaceViewController.swift in Sources */,
				E2CA50E41A88677A00C2BB03 /* main.m in Sources */,
				E26E52911D01EB6C001324C8 /* AffinityViewController.swift in Sources */,
				E254BEB41C74F26100C9FD8B /* CheerViewController.swift in Sources */,
				E28E68B41BFC341A008C6A0A /* Users.swift in Sources */,
				E2EFA7D11C5FEAD700974475 /* TrackViewController.swift in Sources */,
				E22FFC161E9460CC00C34EDA /* Reachability.swift in Sources */,
				E254BE611C6B955F00C9FD8B /* RunnerAnnotation.swift in Sources */,
				E2ED43931CA193C20056AC47 /* RoleViewController.swift in Sources */,
				E254BE6D1C6BCB1000C9FD8B /* AppDelegate.swift in Sources */,
				E254BEA91C6D0D3F00C9FD8B /* SignUpViewController.swift in Sources */,
				E254BE631C6B978200C9FD8B /* RunnerAnnotationView.swift in Sources */,
				E2EFA7CB1C5A800F00974475 /* Track.swift in Sources */,
				E25A5E841CC572E80046C809 /* Match.swift in Sources */,
			);
			runOnlyForDeploymentPostprocessing = 0;
		};
		E2CA50F91A88677A00C2BB03 /* Sources */ = {
			isa = PBXSourcesBuildPhase;
			buildActionMask = 2147483647;
			files = (
				E2CA51041A88677A00C2BB03 /* CrowdCheerTests.m in Sources */,
			);
			runOnlyForDeploymentPostprocessing = 0;
		};
/* End PBXSourcesBuildPhase section */

/* Begin PBXTargetDependency section */
		E2CA50FF1A88677A00C2BB03 /* PBXTargetDependency */ = {
			isa = PBXTargetDependency;
			target = E2CA50DD1A88677A00C2BB03 /* CrowdCheer */;
			targetProxy = E2CA50FE1A88677A00C2BB03 /* PBXContainerItemProxy */;
		};
/* End PBXTargetDependency section */

/* Begin PBXVariantGroup section */
		E2CA50F11A88677A00C2BB03 /* Main.storyboard */ = {
			isa = PBXVariantGroup;
			children = (
				E2CA50F21A88677A00C2BB03 /* Base */,
			);
			name = Main.storyboard;
			sourceTree = "<group>";
		};
		E2CA50F61A88677A00C2BB03 /* LaunchScreen.xib */ = {
			isa = PBXVariantGroup;
			children = (
				E2CA50F71A88677A00C2BB03 /* Base */,
			);
			name = LaunchScreen.xib;
			sourceTree = "<group>";
		};
/* End PBXVariantGroup section */

/* Begin XCBuildConfiguration section */
		E2CA51051A88677A00C2BB03 /* Debug */ = {
			isa = XCBuildConfiguration;
			buildSettings = {
				ALWAYS_SEARCH_USER_PATHS = NO;
				CLANG_CXX_LANGUAGE_STANDARD = "gnu++0x";
				CLANG_CXX_LIBRARY = "libc++";
				CLANG_ENABLE_MODULES = YES;
				CLANG_ENABLE_OBJC_ARC = YES;
				CLANG_WARN_BOOL_CONVERSION = YES;
				CLANG_WARN_CONSTANT_CONVERSION = YES;
				CLANG_WARN_DIRECT_OBJC_ISA_USAGE = YES_ERROR;
				CLANG_WARN_EMPTY_BODY = YES;
				CLANG_WARN_ENUM_CONVERSION = YES;
				CLANG_WARN_INFINITE_RECURSION = YES;
				CLANG_WARN_INT_CONVERSION = YES;
				CLANG_WARN_OBJC_ROOT_CLASS = YES_ERROR;
				CLANG_WARN_SUSPICIOUS_MOVE = YES;
				CLANG_WARN_UNREACHABLE_CODE = YES;
				CLANG_WARN__DUPLICATE_METHOD_MATCH = YES;
				CODE_SIGN_IDENTITY = "iPhone Developer: Leesha Maliakal (2467455D5Y)";
				"CODE_SIGN_IDENTITY[sdk=iphoneos*]" = "iPhone Developer";
				COPY_PHASE_STRIP = NO;
				ENABLE_STRICT_OBJC_MSGSEND = YES;
				ENABLE_TESTABILITY = YES;
				GCC_C_LANGUAGE_STANDARD = gnu99;
				GCC_DYNAMIC_NO_PIC = NO;
				GCC_NO_COMMON_BLOCKS = YES;
				GCC_OPTIMIZATION_LEVEL = 0;
				GCC_PREPROCESSOR_DEFINITIONS = (
					"DEBUG=1",
					"$(inherited)",
				);
				GCC_SYMBOLS_PRIVATE_EXTERN = NO;
				GCC_WARN_64_TO_32_BIT_CONVERSION = YES;
				GCC_WARN_ABOUT_RETURN_TYPE = YES_ERROR;
				GCC_WARN_UNDECLARED_SELECTOR = YES;
				GCC_WARN_UNINITIALIZED_AUTOS = YES_AGGRESSIVE;
				GCC_WARN_UNUSED_FUNCTION = YES;
				GCC_WARN_UNUSED_VARIABLE = YES;
				IPHONEOS_DEPLOYMENT_TARGET = 8.1;
				MTL_ENABLE_DEBUG_INFO = YES;
				ONLY_ACTIVE_ARCH = YES;
				SDKROOT = iphoneos;
			};
			name = Debug;
		};
		E2CA51061A88677A00C2BB03 /* Release */ = {
			isa = XCBuildConfiguration;
			buildSettings = {
				ALWAYS_SEARCH_USER_PATHS = NO;
				CLANG_CXX_LANGUAGE_STANDARD = "gnu++0x";
				CLANG_CXX_LIBRARY = "libc++";
				CLANG_ENABLE_MODULES = YES;
				CLANG_ENABLE_OBJC_ARC = YES;
				CLANG_WARN_BOOL_CONVERSION = YES;
				CLANG_WARN_CONSTANT_CONVERSION = YES;
				CLANG_WARN_DIRECT_OBJC_ISA_USAGE = YES_ERROR;
				CLANG_WARN_EMPTY_BODY = YES;
				CLANG_WARN_ENUM_CONVERSION = YES;
				CLANG_WARN_INFINITE_RECURSION = YES;
				CLANG_WARN_INT_CONVERSION = YES;
				CLANG_WARN_OBJC_ROOT_CLASS = YES_ERROR;
				CLANG_WARN_SUSPICIOUS_MOVE = YES;
				CLANG_WARN_UNREACHABLE_CODE = YES;
				CLANG_WARN__DUPLICATE_METHOD_MATCH = YES;
				CODE_SIGN_IDENTITY = "iPhone Distribution: Northwestern University";
				"CODE_SIGN_IDENTITY[sdk=iphoneos*]" = "iPhone Distribution: Northwestern University";
				COPY_PHASE_STRIP = YES;
				ENABLE_NS_ASSERTIONS = NO;
				ENABLE_STRICT_OBJC_MSGSEND = YES;
				GCC_C_LANGUAGE_STANDARD = gnu99;
				GCC_NO_COMMON_BLOCKS = YES;
				GCC_WARN_64_TO_32_BIT_CONVERSION = YES;
				GCC_WARN_ABOUT_RETURN_TYPE = YES_ERROR;
				GCC_WARN_UNDECLARED_SELECTOR = YES;
				GCC_WARN_UNINITIALIZED_AUTOS = YES_AGGRESSIVE;
				GCC_WARN_UNUSED_FUNCTION = YES;
				GCC_WARN_UNUSED_VARIABLE = YES;
				IPHONEOS_DEPLOYMENT_TARGET = 8.1;
				MTL_ENABLE_DEBUG_INFO = NO;
				SDKROOT = iphoneos;
				SWIFT_OPTIMIZATION_LEVEL = "-Owholemodule";
				VALIDATE_PRODUCT = YES;
			};
			name = Release;
		};
		E2CA51081A88677A00C2BB03 /* Debug */ = {
			isa = XCBuildConfiguration;
			buildSettings = {
				ASSETCATALOG_COMPILER_APPICON_NAME = AppIcon;
				CLANG_ENABLE_MODULES = YES;
				CODE_SIGN_IDENTITY = "iPhone Developer: Leesha Maliakal (2467455D5Y)";
				"CODE_SIGN_IDENTITY[sdk=iphoneos*]" = "iPhone Developer";
				DEFINES_MODULE = YES;
				DEVELOPMENT_TEAM = W4E2C6X642;
				ENABLE_BITCODE = NO;
				FRAMEWORK_SEARCH_PATHS = (
					"$(inherited)",
					"$(PROJECT_DIR)",
				);
				INFOPLIST_FILE = CrowdCheer/Info.plist;
				IPHONEOS_DEPLOYMENT_TARGET = 8.0;
				LD_RUNPATH_SEARCH_PATHS = "$(inherited) @executable_path/Frameworks";
				PRODUCT_BUNDLE_IDENTIFIER = edu.northwestern.delta.C;
				PRODUCT_NAME = "$(TARGET_NAME)";
				PROVISIONING_PROFILE = "a921867a-2afe-4f8d-a8d3-2a6b7d31d44e";
				PROVISIONING_PROFILE_SPECIFIER = "Delta Lab";
				SWIFT_OBJC_BRIDGING_HEADER = "CrowdCheer/CrowdCheer-Bridging-Header.h";
				SWIFT_OPTIMIZATION_LEVEL = "-Onone";
				SWIFT_VERSION = 3.0;
				TARGETED_DEVICE_FAMILY = 1;
				"TEST_HOST[sdk=iphoneos*]" = "";
			};
			name = Debug;
		};
		E2CA51091A88677A00C2BB03 /* Release */ = {
			isa = XCBuildConfiguration;
			buildSettings = {
				ASSETCATALOG_COMPILER_APPICON_NAME = AppIcon;
				CLANG_ENABLE_MODULES = YES;
				CODE_SIGN_IDENTITY = "iPhone Distribution: Northwestern University";
				"CODE_SIGN_IDENTITY[sdk=iphoneos*]" = "iPhone Distribution";
				DEFINES_MODULE = YES;
				DEVELOPMENT_TEAM = 823S57WQK3;
				ENABLE_BITCODE = NO;
				FRAMEWORK_SEARCH_PATHS = (
					"$(inherited)",
					"$(PROJECT_DIR)",
				);
				INFOPLIST_FILE = CrowdCheer/Info.plist;
				IPHONEOS_DEPLOYMENT_TARGET = 8.0;
				LD_RUNPATH_SEARCH_PATHS = "$(inherited) @executable_path/Frameworks";
				PRODUCT_BUNDLE_IDENTIFIER = edu.northwestern.delta.C;
				PRODUCT_NAME = "$(TARGET_NAME)";
				PROVISIONING_PROFILE = "5b198b95-3f4c-424b-be49-7a046ddf6ec1";
				PROVISIONING_PROFILE_SPECIFIER = "Delta Lab C";
				SWIFT_OBJC_BRIDGING_HEADER = "CrowdCheer/CrowdCheer-Bridging-Header.h";
				SWIFT_VERSION = 3.0;
				TARGETED_DEVICE_FAMILY = 1;
				"TEST_HOST[sdk=iphoneos*]" = "";
			};
			name = Release;
		};
		E2CA510B1A88677A00C2BB03 /* Debug */ = {
			isa = XCBuildConfiguration;
			buildSettings = {
				CODE_SIGN_IDENTITY = "iPhone Developer: Leesha Maliakal (2467455D5Y)";
				FRAMEWORK_SEARCH_PATHS = (
					"$(SDKROOT)/Developer/Library/Frameworks",
					"$(inherited)",
				);
				GCC_PREPROCESSOR_DEFINITIONS = (
					"DEBUG=1",
					"$(inherited)",
				);
				INFOPLIST_FILE = CrowdCheerTests/Info.plist;
				LD_RUNPATH_SEARCH_PATHS = "$(inherited) @executable_path/Frameworks @loader_path/Frameworks";
				PRODUCT_BUNDLE_IDENTIFIER = "edu.northwestern.delta.$(PRODUCT_NAME:rfc1034identifier)";
				PRODUCT_NAME = "$(TARGET_NAME)";
				TEST_HOST = "$(BUILT_PRODUCTS_DIR)/CrowdCheer.app/CrowdCheer";
			};
			name = Debug;
		};
		E2CA510C1A88677A00C2BB03 /* Release */ = {
			isa = XCBuildConfiguration;
			buildSettings = {
				CODE_SIGN_IDENTITY = "iPhone Developer: Leesha Maliakal (2467455D5Y)";
				FRAMEWORK_SEARCH_PATHS = (
					"$(SDKROOT)/Developer/Library/Frameworks",
					"$(inherited)",
				);
				INFOPLIST_FILE = CrowdCheerTests/Info.plist;
				LD_RUNPATH_SEARCH_PATHS = "$(inherited) @executable_path/Frameworks @loader_path/Frameworks";
				PRODUCT_BUNDLE_IDENTIFIER = "edu.northwestern.delta.$(PRODUCT_NAME:rfc1034identifier)";
				PRODUCT_NAME = "$(TARGET_NAME)";
				TEST_HOST = "$(BUILT_PRODUCTS_DIR)/CrowdCheer.app/CrowdCheer";
			};
			name = Release;
		};
/* End XCBuildConfiguration section */

/* Begin XCConfigurationList section */
		E2CA50D91A88677A00C2BB03 /* Build configuration list for PBXProject "CrowdCheer" */ = {
			isa = XCConfigurationList;
			buildConfigurations = (
				E2CA51051A88677A00C2BB03 /* Debug */,
				E2CA51061A88677A00C2BB03 /* Release */,
			);
			defaultConfigurationIsVisible = 0;
			defaultConfigurationName = Release;
		};
		E2CA51071A88677A00C2BB03 /* Build configuration list for PBXNativeTarget "CrowdCheer" */ = {
			isa = XCConfigurationList;
			buildConfigurations = (
				E2CA51081A88677A00C2BB03 /* Debug */,
				E2CA51091A88677A00C2BB03 /* Release */,
			);
			defaultConfigurationIsVisible = 0;
			defaultConfigurationName = Release;
		};
		E2CA510A1A88677A00C2BB03 /* Build configuration list for PBXNativeTarget "CrowdCheerTests" */ = {
			isa = XCConfigurationList;
			buildConfigurations = (
				E2CA510B1A88677A00C2BB03 /* Debug */,
				E2CA510C1A88677A00C2BB03 /* Release */,
			);
			defaultConfigurationIsVisible = 0;
			defaultConfigurationName = Release;
		};
/* End XCConfigurationList section */

/* Begin XCVersionGroup section */
		E292A3AD1CCAAECA0061B19A /* CrowdCheer.xcdatamodeld */ = {
			isa = XCVersionGroup;
			children = (
				E292A3AE1CCAAECA0061B19A /* CrowdCheer.xcdatamodel */,
			);
			currentVersion = E292A3AE1CCAAECA0061B19A /* CrowdCheer.xcdatamodel */;
			path = CrowdCheer.xcdatamodeld;
			sourceTree = "<group>";
			versionGroupType = wrapper.xcdatamodel;
		};
/* End XCVersionGroup section */
	};
	rootObject = E2CA50D61A88677A00C2BB03 /* Project object */;
}
