// !$*UTF8*$!
{
	archiveVersion = 1;
	classes = {
	};
	objectVersion = 46;
	objects = {

/* Begin PBXBuildFile section */
		5F70F522581F4D2823391BC8 /* libPods.a in Frameworks */ = {isa = PBXBuildFile; fileRef = B02C0ADC9A925398130FD734 /* libPods.a */; };
		E23A34901B4B016C000D9CE2 /* CoreBluetooth.framework in Frameworks */ = {isa = PBXBuildFile; fileRef = E23A348F1B4B016C000D9CE2 /* CoreBluetooth.framework */; };
		E23A34921B4B01A5000D9CE2 /* EstimoteSDK.framework in Frameworks */ = {isa = PBXBuildFile; fileRef = E23A34911B4B01A5000D9CE2 /* EstimoteSDK.framework */; };
		E23AEFB21B54239100FB6B78 /* AppDelegate.m in Sources */ = {isa = PBXBuildFile; fileRef = E23AEFB11B54239100FB6B78 /* AppDelegate.m */; };
		E240F4741B692510008C9580 /* 3_cheer.png in Resources */ = {isa = PBXBuildFile; fileRef = E240F4711B692510008C9580 /* 3_cheer.png */; };
		E240F4751B692510008C9580 /* 1_notify.png in Resources */ = {isa = PBXBuildFile; fileRef = E240F4721B692510008C9580 /* 1_notify.png */; };
		E240F4761B692510008C9580 /* 2_watch.png in Resources */ = {isa = PBXBuildFile; fileRef = E240F4731B692510008C9580 /* 2_watch.png */; };
		E240F4781B6BBEB6008C9580 /* Ford.gpx in Resources */ = {isa = PBXBuildFile; fileRef = E240F4771B6BBEB6008C9580 /* Ford.gpx */; };
		E240F47A1B6BCF3C008C9580 /* 1438375376_wooman.png in Resources */ = {isa = PBXBuildFile; fileRef = E240F4791B6BCF3C008C9580 /* 1438375376_wooman.png */; };
		E245B6E81ADC544700432C61 /* CheererStartViewController.m in Sources */ = {isa = PBXBuildFile; fileRef = E245B6E71ADC544700432C61 /* CheererStartViewController.m */; };
		E25A11AB1AB10248003FFA73 /* CommonalityViewController.m in Sources */ = {isa = PBXBuildFile; fileRef = E25A11A61AB10248003FFA73 /* CommonalityViewController.m */; };
		E25A11AC1AB10248003FFA73 /* MotivatorViewController.m in Sources */ = {isa = PBXBuildFile; fileRef = E25A11A81AB10248003FFA73 /* MotivatorViewController.m */; };
		E25A11AD1AB10248003FFA73 /* RelationshipViewController.m in Sources */ = {isa = PBXBuildFile; fileRef = E25A11AA1AB10248003FFA73 /* RelationshipViewController.m */; };
		E25A11BA1AB1CDF2003FFA73 /* RoleViewController.m in Sources */ = {isa = PBXBuildFile; fileRef = E25A11B71AB1CDBC003FFA73 /* RoleViewController.m */; };
		E25A11D81AB1D42F003FFA73 /* DefaultSettingsViewController.m in Sources */ = {isa = PBXBuildFile; fileRef = E25A11D71AB1D42F003FFA73 /* DefaultSettingsViewController.m */; };
		E265087D1B8B830C00D726F0 /* RunnerAnnotation.m in Sources */ = {isa = PBXBuildFile; fileRef = E265087C1B8B830C00D726F0 /* RunnerAnnotation.m */; };
		E265087F1B8B9DE600D726F0 /* runner.png in Resources */ = {isa = PBXBuildFile; fileRef = E265087E1B8B9DE600D726F0 /* runner.png */; };
		E2AD20091A9A972C00B1BEFE /* Bolts.framework in Frameworks */ = {isa = PBXBuildFile; fileRef = E2AD20081A9A972C00B1BEFE /* Bolts.framework */; };
		E2AD200D1A9A978700B1BEFE /* AudioToolbox.framework in Frameworks */ = {isa = PBXBuildFile; fileRef = E2AD200C1A9A978700B1BEFE /* AudioToolbox.framework */; };
		E2AD20161A9A97E500B1BEFE /* CFNetwork.framework in Frameworks */ = {isa = PBXBuildFile; fileRef = E2AD200E1A9A97E400B1BEFE /* CFNetwork.framework */; };
		E2AD20171A9A97E500B1BEFE /* libsqlite3.dylib in Frameworks */ = {isa = PBXBuildFile; fileRef = E2AD200F1A9A97E400B1BEFE /* libsqlite3.dylib */; };
		E2AD20181A9A97E500B1BEFE /* libz.dylib in Frameworks */ = {isa = PBXBuildFile; fileRef = E2AD20101A9A97E400B1BEFE /* libz.dylib */; };
		E2AD20191A9A97E500B1BEFE /* MobileCoreServices.framework in Frameworks */ = {isa = PBXBuildFile; fileRef = E2AD20111A9A97E400B1BEFE /* MobileCoreServices.framework */; };
		E2AD201A1A9A97E500B1BEFE /* QuartzCore.framework in Frameworks */ = {isa = PBXBuildFile; fileRef = E2AD20121A9A97E400B1BEFE /* QuartzCore.framework */; };
		E2AD201B1A9A97E500B1BEFE /* Security.framework in Frameworks */ = {isa = PBXBuildFile; fileRef = E2AD20131A9A97E400B1BEFE /* Security.framework */; };
		E2AD201D1A9A97E500B1BEFE /* SystemConfiguration.framework in Frameworks */ = {isa = PBXBuildFile; fileRef = E2AD20151A9A97E500B1BEFE /* SystemConfiguration.framework */; };
		E2AD357D1AAF5613002E352A /* profileDefault.png in Resources */ = {isa = PBXBuildFile; fileRef = E2AD357C1AAF5613002E352A /* profileDefault.png */; };
		E2ADB5D51A9D091C007EC795 /* MySignUpViewController.m in Sources */ = {isa = PBXBuildFile; fileRef = E2ADB5D41A9D091C007EC795 /* MySignUpViewController.m */; };
		E2ADB5D71A9D0A63007EC795 /* Accounts.framework in Frameworks */ = {isa = PBXBuildFile; fileRef = E2ADB5D61A9D0A63007EC795 /* Accounts.framework */; };
		E2ADB5D91A9D0A72007EC795 /* Social.framework in Frameworks */ = {isa = PBXBuildFile; fileRef = E2ADB5D81A9D0A72007EC795 /* Social.framework */; };
		E2ADB5E71A9E6808007EC795 /* Parse.framework in Frameworks */ = {isa = PBXBuildFile; fileRef = E2ADB5E61A9E6808007EC795 /* Parse.framework */; };
		E2CA50E41A88677A00C2BB03 /* main.m in Sources */ = {isa = PBXBuildFile; fileRef = E2CA50E31A88677A00C2BB03 /* main.m */; };
		E2CA50EA1A88677A00C2BB03 /* CrowdCheer.xcdatamodeld in Sources */ = {isa = PBXBuildFile; fileRef = E2CA50E81A88677A00C2BB03 /* CrowdCheer.xcdatamodeld */; };
		E2CA50F01A88677A00C2BB03 /* DetailViewController.m in Sources */ = {isa = PBXBuildFile; fileRef = E2CA50EF1A88677A00C2BB03 /* DetailViewController.m */; };
		E2CA50F31A88677A00C2BB03 /* Main.storyboard in Resources */ = {isa = PBXBuildFile; fileRef = E2CA50F11A88677A00C2BB03 /* Main.storyboard */; };
		E2CA50F51A88677A00C2BB03 /* Images.xcassets in Resources */ = {isa = PBXBuildFile; fileRef = E2CA50F41A88677A00C2BB03 /* Images.xcassets */; };
		E2CA50F81A88677A00C2BB03 /* LaunchScreen.xib in Resources */ = {isa = PBXBuildFile; fileRef = E2CA50F61A88677A00C2BB03 /* LaunchScreen.xib */; };
		E2CA51041A88677A00C2BB03 /* CrowdCheerTests.m in Sources */ = {isa = PBXBuildFile; fileRef = E2CA51031A88677A00C2BB03 /* CrowdCheerTests.m */; };
		E2CA510F1A886BE900C2BB03 /* Location.m in Sources */ = {isa = PBXBuildFile; fileRef = E2CA510E1A886BE900C2BB03 /* Location.m */; };
		E2CA51121A886BE900C2BB03 /* Run.m in Sources */ = {isa = PBXBuildFile; fileRef = E2CA51111A886BE900C2BB03 /* Run.m */; };
		E2CA51141A886C1D00C2BB03 /* MapKit.framework in Frameworks */ = {isa = PBXBuildFile; fileRef = E2CA51131A886C1D00C2BB03 /* MapKit.framework */; };
		E2CA51161A886C3800C2BB03 /* CoreGraphics.framework in Frameworks */ = {isa = PBXBuildFile; fileRef = E2CA51151A886C3800C2BB03 /* CoreGraphics.framework */; };
		E2CA51181A886C3E00C2BB03 /* CoreData.framework in Frameworks */ = {isa = PBXBuildFile; fileRef = E2CA51171A886C3E00C2BB03 /* CoreData.framework */; };
		E2CA511A1A886C4600C2BB03 /* UIKit.framework in Frameworks */ = {isa = PBXBuildFile; fileRef = E2CA51191A886C4600C2BB03 /* UIKit.framework */; };
		E2CA511C1A886C4C00C2BB03 /* Foundation.framework in Frameworks */ = {isa = PBXBuildFile; fileRef = E2CA511B1A886C4C00C2BB03 /* Foundation.framework */; };
		E2CA514B1A89219900C2BB03 /* atmosphere.jpg in Resources */ = {isa = PBXBuildFile; fileRef = E2CA51201A89219900C2BB03 /* atmosphere.jpg */; };
		E2CA514C1A89219900C2BB03 /* badges.txt in Resources */ = {isa = PBXBuildFile; fileRef = E2CA51211A89219900C2BB03 /* badges.txt */; };
		E2CA514D1A89219900C2BB03 /* blue-btn.png in Resources */ = {isa = PBXBuildFile; fileRef = E2CA51221A89219900C2BB03 /* blue-btn.png */; };
		E2CA51571A89219900C2BB03 /* green-btn.png in Resources */ = {isa = PBXBuildFile; fileRef = E2CA512C1A89219900C2BB03 /* green-btn.png */; };
		E2CA515C1A89219900C2BB03 /* info@2x.png in Resources */ = {isa = PBXBuildFile; fileRef = E2CA51311A89219900C2BB03 /* info@2x.png */; };
		E2CA515D1A89219900C2BB03 /* interstellar_space.jpg in Resources */ = {isa = PBXBuildFile; fileRef = E2CA51321A89219900C2BB03 /* interstellar_space.jpg */; };
		E2CA51611A89219900C2BB03 /* mapPin@2x.png in Resources */ = {isa = PBXBuildFile; fileRef = E2CA51361A89219900C2BB03 /* mapPin@2x.png */; };
		E2CA51691A89219900C2BB03 /* red-btn.png in Resources */ = {isa = PBXBuildFile; fileRef = E2CA513E1A89219900C2BB03 /* red-btn.png */; };
		E2CA516E1A89219900C2BB03 /* success.wav in Resources */ = {isa = PBXBuildFile; fileRef = E2CA51431A89219900C2BB03 /* success.wav */; };
		E2CA51751A8928AA00C2BB03 /* GLKit.framework in Frameworks */ = {isa = PBXBuildFile; fileRef = E2CA51741A8928AA00C2BB03 /* GLKit.framework */; };
		E2CA51791A8928BF00C2BB03 /* CoreFoundation.framework in Frameworks */ = {isa = PBXBuildFile; fileRef = E2CA51781A8928BF00C2BB03 /* CoreFoundation.framework */; };
		E2CA517B1A8928C800C2BB03 /* CoreLocation.framework in Frameworks */ = {isa = PBXBuildFile; fileRef = E2CA517A1A8928C800C2BB03 /* CoreLocation.framework */; };
		E2CA517E1A892E8000C2BB03 /* HomeViewController.m in Sources */ = {isa = PBXBuildFile; fileRef = E2CA517D1A892E8000C2BB03 /* HomeViewController.m */; };
		E2CA51811A892F7000C2BB03 /* NewRunViewController.m in Sources */ = {isa = PBXBuildFile; fileRef = E2CA51801A892F7000C2BB03 /* NewRunViewController.m */; };
		E2CA51831A89537200C2BB03 /* icon.png in Resources */ = {isa = PBXBuildFile; fileRef = E2CA51821A89537200C2BB03 /* icon.png */; };
		E2CA51881A89D51100C2BB03 /* MathController.m in Sources */ = {isa = PBXBuildFile; fileRef = E2CA51871A89D51100C2BB03 /* MathController.m */; };
		E2CA518B1A89E0A100C2BB03 /* MulticolorPolylineSegment.m in Sources */ = {isa = PBXBuildFile; fileRef = E2CA518A1A89E0A100C2BB03 /* MulticolorPolylineSegment.m */; };
		E2D6B3D91BA0C3E000D1B8BB /* myrunner.png in Resources */ = {isa = PBXBuildFile; fileRef = E2D6B3D81BA0C3E000D1B8BB /* myrunner.png */; };
		E2D6B3DC1BA0C49400D1B8BB /* MyRunnerAnnotation.m in Sources */ = {isa = PBXBuildFile; fileRef = E2D6B3DA1BA0C49400D1B8BB /* MyRunnerAnnotation.m */; };
		E2E652EA1AB2B97400561710 /* icon_120.png in Resources */ = {isa = PBXBuildFile; fileRef = E2E652E61AB2B97400561710 /* icon_120.png */; };
		E2E652EB1AB2B97400561710 /* icon_58.png in Resources */ = {isa = PBXBuildFile; fileRef = E2E652E71AB2B97400561710 /* icon_58.png */; };
		E2E652EC1AB2B97400561710 /* icon_80.png in Resources */ = {isa = PBXBuildFile; fileRef = E2E652E81AB2B97400561710 /* icon_80.png */; };
		E2E652ED1AB2B97400561710 /* icon_87.png in Resources */ = {isa = PBXBuildFile; fileRef = E2E652E91AB2B97400561710 /* icon_87.png */; };
		E2F0C54A1B710D3200EF6B87 /* AVFoundation.framework in Frameworks */ = {isa = PBXBuildFile; fileRef = E2F0C5491B710D3200EF6B87 /* AVFoundation.framework */; };
/* End PBXBuildFile section */

/* Begin PBXContainerItemProxy section */
		E2CA50FE1A88677A00C2BB03 /* PBXContainerItemProxy */ = {
			isa = PBXContainerItemProxy;
			containerPortal = E2CA50D61A88677A00C2BB03 /* Project object */;
			proxyType = 1;
			remoteGlobalIDString = E2CA50DD1A88677A00C2BB03;
			remoteInfo = CrowdCheer;
		};
/* End PBXContainerItemProxy section */

/* Begin PBXFileReference section */
		13299CCB30F51547E12CE4BC /* Pods.release.xcconfig */ = {isa = PBXFileReference; includeInIndex = 1; lastKnownFileType = text.xcconfig; name = Pods.release.xcconfig; path = "Pods/Target Support Files/Pods/Pods.release.xcconfig"; sourceTree = "<group>"; };
		91790BBB952F10169AD23C36 /* Pods.debug.xcconfig */ = {isa = PBXFileReference; includeInIndex = 1; lastKnownFileType = text.xcconfig; name = Pods.debug.xcconfig; path = "Pods/Target Support Files/Pods/Pods.debug.xcconfig"; sourceTree = "<group>"; };
		B02C0ADC9A925398130FD734 /* libPods.a */ = {isa = PBXFileReference; explicitFileType = archive.ar; includeInIndex = 0; path = libPods.a; sourceTree = BUILT_PRODUCTS_DIR; };
		E23A348F1B4B016C000D9CE2 /* CoreBluetooth.framework */ = {isa = PBXFileReference; lastKnownFileType = wrapper.framework; name = CoreBluetooth.framework; path = System/Library/Frameworks/CoreBluetooth.framework; sourceTree = SDKROOT; };
		E23A34911B4B01A5000D9CE2 /* EstimoteSDK.framework */ = {isa = PBXFileReference; lastKnownFileType = wrapper.framework; name = EstimoteSDK.framework; path = "../Estimote iOS SDK/EstimoteSDK/EstimoteSDK.framework"; sourceTree = "<group>"; };
		E23AEFB11B54239100FB6B78 /* AppDelegate.m */ = {isa = PBXFileReference; fileEncoding = 4; lastKnownFileType = sourcecode.c.objc; name = AppDelegate.m; path = CrowdCheer/AppDelegate.m; sourceTree = "<group>"; };
		E240F4711B692510008C9580 /* 3_cheer.png */ = {isa = PBXFileReference; lastKnownFileType = image.png; path = 3_cheer.png; sourceTree = "<group>"; };
		E240F4721B692510008C9580 /* 1_notify.png */ = {isa = PBXFileReference; lastKnownFileType = image.png; path = 1_notify.png; sourceTree = "<group>"; };
		E240F4731B692510008C9580 /* 2_watch.png */ = {isa = PBXFileReference; lastKnownFileType = image.png; path = 2_watch.png; sourceTree = "<group>"; };
		E240F4771B6BBEB6008C9580 /* Ford.gpx */ = {isa = PBXFileReference; fileEncoding = 4; lastKnownFileType = text.xml; path = Ford.gpx; sourceTree = "<group>"; };
		E240F4791B6BCF3C008C9580 /* 1438375376_wooman.png */ = {isa = PBXFileReference; lastKnownFileType = image.png; path = 1438375376_wooman.png; sourceTree = "<group>"; };
		E245B6E61ADC544700432C61 /* CheererStartViewController.h */ = {isa = PBXFileReference; fileEncoding = 4; lastKnownFileType = sourcecode.c.h; name = CheererStartViewController.h; path = CrowdCheer/CheererStartViewController.h; sourceTree = "<group>"; };
		E245B6E71ADC544700432C61 /* CheererStartViewController.m */ = {isa = PBXFileReference; fileEncoding = 4; lastKnownFileType = sourcecode.c.objc; name = CheererStartViewController.m; path = CrowdCheer/CheererStartViewController.m; sourceTree = "<group>"; };
		E25A11A51AB10248003FFA73 /* CommonalityViewController.h */ = {isa = PBXFileReference; fileEncoding = 4; lastKnownFileType = sourcecode.c.h; name = CommonalityViewController.h; path = CrowdCheer/CommonalityViewController.h; sourceTree = "<group>"; };
		E25A11A61AB10248003FFA73 /* CommonalityViewController.m */ = {isa = PBXFileReference; fileEncoding = 4; lastKnownFileType = sourcecode.c.objc; name = CommonalityViewController.m; path = CrowdCheer/CommonalityViewController.m; sourceTree = "<group>"; };
		E25A11A71AB10248003FFA73 /* MotivatorViewController.h */ = {isa = PBXFileReference; fileEncoding = 4; lastKnownFileType = sourcecode.c.h; name = MotivatorViewController.h; path = CrowdCheer/MotivatorViewController.h; sourceTree = "<group>"; };
		E25A11A81AB10248003FFA73 /* MotivatorViewController.m */ = {isa = PBXFileReference; fileEncoding = 4; lastKnownFileType = sourcecode.c.objc; name = MotivatorViewController.m; path = CrowdCheer/MotivatorViewController.m; sourceTree = "<group>"; };
		E25A11A91AB10248003FFA73 /* RelationshipViewController.h */ = {isa = PBXFileReference; fileEncoding = 4; lastKnownFileType = sourcecode.c.h; name = RelationshipViewController.h; path = CrowdCheer/RelationshipViewController.h; sourceTree = "<group>"; };
		E25A11AA1AB10248003FFA73 /* RelationshipViewController.m */ = {isa = PBXFileReference; fileEncoding = 4; lastKnownFileType = sourcecode.c.objc; name = RelationshipViewController.m; path = CrowdCheer/RelationshipViewController.m; sourceTree = "<group>"; };
		E25A11B41AB1CDBC003FFA73 /* DefaultSettingsViewController.h */ = {isa = PBXFileReference; fileEncoding = 4; lastKnownFileType = sourcecode.c.h; name = DefaultSettingsViewController.h; path = CrowdCheer/DefaultSettingsViewController.h; sourceTree = "<group>"; };
		E25A11B61AB1CDBC003FFA73 /* RoleViewController.h */ = {isa = PBXFileReference; fileEncoding = 4; lastKnownFileType = sourcecode.c.h; name = RoleViewController.h; path = CrowdCheer/RoleViewController.h; sourceTree = "<group>"; };
		E25A11B71AB1CDBC003FFA73 /* RoleViewController.m */ = {isa = PBXFileReference; fileEncoding = 4; lastKnownFileType = sourcecode.c.objc; name = RoleViewController.m; path = CrowdCheer/RoleViewController.m; sourceTree = "<group>"; };
		E25A11D71AB1D42F003FFA73 /* DefaultSettingsViewController.m */ = {isa = PBXFileReference; fileEncoding = 4; lastKnownFileType = sourcecode.c.objc; name = DefaultSettingsViewController.m; path = CrowdCheer/DefaultSettingsViewController.m; sourceTree = "<group>"; };
		E265087B1B8B830C00D726F0 /* RunnerAnnotation.h */ = {isa = PBXFileReference; fileEncoding = 4; lastKnownFileType = sourcecode.c.h; name = RunnerAnnotation.h; path = CrowdCheer/RunnerAnnotation.h; sourceTree = "<group>"; };
		E265087C1B8B830C00D726F0 /* RunnerAnnotation.m */ = {isa = PBXFileReference; fileEncoding = 4; lastKnownFileType = sourcecode.c.objc; name = RunnerAnnotation.m; path = CrowdCheer/RunnerAnnotation.m; sourceTree = "<group>"; };
		E265087E1B8B9DE600D726F0 /* runner.png */ = {isa = PBXFileReference; lastKnownFileType = image.png; path = runner.png; sourceTree = "<group>"; };
		E2AD20081A9A972C00B1BEFE /* Bolts.framework */ = {isa = PBXFileReference; lastKnownFileType = wrapper.framework; path = Bolts.framework; sourceTree = "<group>"; };
		E2AD200C1A9A978700B1BEFE /* AudioToolbox.framework */ = {isa = PBXFileReference; lastKnownFileType = wrapper.framework; name = AudioToolbox.framework; path = System/Library/Frameworks/AudioToolbox.framework; sourceTree = SDKROOT; };
		E2AD200E1A9A97E400B1BEFE /* CFNetwork.framework */ = {isa = PBXFileReference; lastKnownFileType = wrapper.framework; name = CFNetwork.framework; path = System/Library/Frameworks/CFNetwork.framework; sourceTree = SDKROOT; };
		E2AD200F1A9A97E400B1BEFE /* libsqlite3.dylib */ = {isa = PBXFileReference; lastKnownFileType = "compiled.mach-o.dylib"; name = libsqlite3.dylib; path = usr/lib/libsqlite3.dylib; sourceTree = SDKROOT; };
		E2AD20101A9A97E400B1BEFE /* libz.dylib */ = {isa = PBXFileReference; lastKnownFileType = "compiled.mach-o.dylib"; name = libz.dylib; path = usr/lib/libz.dylib; sourceTree = SDKROOT; };
		E2AD20111A9A97E400B1BEFE /* MobileCoreServices.framework */ = {isa = PBXFileReference; lastKnownFileType = wrapper.framework; name = MobileCoreServices.framework; path = System/Library/Frameworks/MobileCoreServices.framework; sourceTree = SDKROOT; };
		E2AD20121A9A97E400B1BEFE /* QuartzCore.framework */ = {isa = PBXFileReference; lastKnownFileType = wrapper.framework; name = QuartzCore.framework; path = System/Library/Frameworks/QuartzCore.framework; sourceTree = SDKROOT; };
		E2AD20131A9A97E400B1BEFE /* Security.framework */ = {isa = PBXFileReference; lastKnownFileType = wrapper.framework; name = Security.framework; path = System/Library/Frameworks/Security.framework; sourceTree = SDKROOT; };
		E2AD20151A9A97E500B1BEFE /* SystemConfiguration.framework */ = {isa = PBXFileReference; lastKnownFileType = wrapper.framework; name = SystemConfiguration.framework; path = System/Library/Frameworks/SystemConfiguration.framework; sourceTree = SDKROOT; };
		E2AD357C1AAF5613002E352A /* profileDefault.png */ = {isa = PBXFileReference; lastKnownFileType = image.png; path = profileDefault.png; sourceTree = "<group>"; };
		E2ADB5D31A9D091C007EC795 /* MySignUpViewController.h */ = {isa = PBXFileReference; fileEncoding = 4; lastKnownFileType = sourcecode.c.h; name = MySignUpViewController.h; path = CrowdCheer/MySignUpViewController.h; sourceTree = "<group>"; };
		E2ADB5D41A9D091C007EC795 /* MySignUpViewController.m */ = {isa = PBXFileReference; fileEncoding = 4; lastKnownFileType = sourcecode.c.objc; name = MySignUpViewController.m; path = CrowdCheer/MySignUpViewController.m; sourceTree = "<group>"; };
		E2ADB5D61A9D0A63007EC795 /* Accounts.framework */ = {isa = PBXFileReference; lastKnownFileType = wrapper.framework; name = Accounts.framework; path = System/Library/Frameworks/Accounts.framework; sourceTree = SDKROOT; };
		E2ADB5D81A9D0A72007EC795 /* Social.framework */ = {isa = PBXFileReference; lastKnownFileType = wrapper.framework; name = Social.framework; path = System/Library/Frameworks/Social.framework; sourceTree = SDKROOT; };
		E2ADB5E61A9E6808007EC795 /* Parse.framework */ = {isa = PBXFileReference; lastKnownFileType = wrapper.framework; path = Parse.framework; sourceTree = "<group>"; };
		E2CA50DE1A88677A00C2BB03 /* CrowdCheer.app */ = {isa = PBXFileReference; explicitFileType = wrapper.application; includeInIndex = 0; path = CrowdCheer.app; sourceTree = BUILT_PRODUCTS_DIR; };
		E2CA50E21A88677A00C2BB03 /* Info.plist */ = {isa = PBXFileReference; lastKnownFileType = text.plist.xml; path = Info.plist; sourceTree = "<group>"; };
		E2CA50E31A88677A00C2BB03 /* main.m */ = {isa = PBXFileReference; lastKnownFileType = sourcecode.c.objc; path = main.m; sourceTree = "<group>"; };
		E2CA50E51A88677A00C2BB03 /* AppDelegate.h */ = {isa = PBXFileReference; lastKnownFileType = sourcecode.c.h; name = AppDelegate.h; path = CrowdCheer/AppDelegate.h; sourceTree = "<group>"; };
		E2CA50E91A88677A00C2BB03 /* CrowdCheer.xcdatamodel */ = {isa = PBXFileReference; lastKnownFileType = wrapper.xcdatamodel; path = CrowdCheer.xcdatamodel; sourceTree = "<group>"; };
		E2CA50EE1A88677A00C2BB03 /* DetailViewController.h */ = {isa = PBXFileReference; lastKnownFileType = sourcecode.c.h; name = DetailViewController.h; path = CrowdCheer/DetailViewController.h; sourceTree = "<group>"; };
		E2CA50EF1A88677A00C2BB03 /* DetailViewController.m */ = {isa = PBXFileReference; lastKnownFileType = sourcecode.c.objc; name = DetailViewController.m; path = CrowdCheer/DetailViewController.m; sourceTree = "<group>"; };
		E2CA50F21A88677A00C2BB03 /* Base */ = {isa = PBXFileReference; lastKnownFileType = file.storyboard; name = Base; path = Base.lproj/Main.storyboard; sourceTree = "<group>"; };
		E2CA50F41A88677A00C2BB03 /* Images.xcassets */ = {isa = PBXFileReference; lastKnownFileType = folder.assetcatalog; path = Images.xcassets; sourceTree = "<group>"; };
		E2CA50F71A88677A00C2BB03 /* Base */ = {isa = PBXFileReference; lastKnownFileType = file.xib; name = Base; path = Base.lproj/LaunchScreen.xib; sourceTree = "<group>"; };
		E2CA50FD1A88677A00C2BB03 /* CrowdCheerTests.xctest */ = {isa = PBXFileReference; explicitFileType = wrapper.cfbundle; includeInIndex = 0; path = CrowdCheerTests.xctest; sourceTree = BUILT_PRODUCTS_DIR; };
		E2CA51021A88677A00C2BB03 /* Info.plist */ = {isa = PBXFileReference; lastKnownFileType = text.plist.xml; path = Info.plist; sourceTree = "<group>"; };
		E2CA51031A88677A00C2BB03 /* CrowdCheerTests.m */ = {isa = PBXFileReference; lastKnownFileType = sourcecode.c.objc; path = CrowdCheerTests.m; sourceTree = "<group>"; };
		E2CA510D1A886BE900C2BB03 /* Location.h */ = {isa = PBXFileReference; fileEncoding = 4; lastKnownFileType = sourcecode.c.h; name = Location.h; path = CrowdCheer/Location.h; sourceTree = "<group>"; };
		E2CA510E1A886BE900C2BB03 /* Location.m */ = {isa = PBXFileReference; fileEncoding = 4; lastKnownFileType = sourcecode.c.objc; name = Location.m; path = CrowdCheer/Location.m; sourceTree = "<group>"; };
		E2CA51101A886BE900C2BB03 /* Run.h */ = {isa = PBXFileReference; fileEncoding = 4; lastKnownFileType = sourcecode.c.h; name = Run.h; path = CrowdCheer/Run.h; sourceTree = "<group>"; };
		E2CA51111A886BE900C2BB03 /* Run.m */ = {isa = PBXFileReference; fileEncoding = 4; lastKnownFileType = sourcecode.c.objc; name = Run.m; path = CrowdCheer/Run.m; sourceTree = "<group>"; };
		E2CA51131A886C1D00C2BB03 /* MapKit.framework */ = {isa = PBXFileReference; lastKnownFileType = wrapper.framework; name = MapKit.framework; path = System/Library/Frameworks/MapKit.framework; sourceTree = SDKROOT; };
		E2CA51151A886C3800C2BB03 /* CoreGraphics.framework */ = {isa = PBXFileReference; lastKnownFileType = wrapper.framework; name = CoreGraphics.framework; path = System/Library/Frameworks/CoreGraphics.framework; sourceTree = SDKROOT; };
		E2CA51171A886C3E00C2BB03 /* CoreData.framework */ = {isa = PBXFileReference; lastKnownFileType = wrapper.framework; name = CoreData.framework; path = System/Library/Frameworks/CoreData.framework; sourceTree = SDKROOT; };
		E2CA51191A886C4600C2BB03 /* UIKit.framework */ = {isa = PBXFileReference; lastKnownFileType = wrapper.framework; name = UIKit.framework; path = System/Library/Frameworks/UIKit.framework; sourceTree = SDKROOT; };
		E2CA511B1A886C4C00C2BB03 /* Foundation.framework */ = {isa = PBXFileReference; lastKnownFileType = wrapper.framework; name = Foundation.framework; path = System/Library/Frameworks/Foundation.framework; sourceTree = SDKROOT; };
		E2CA51201A89219900C2BB03 /* atmosphere.jpg */ = {isa = PBXFileReference; lastKnownFileType = image.jpeg; path = atmosphere.jpg; sourceTree = "<group>"; };
		E2CA51211A89219900C2BB03 /* badges.txt */ = {isa = PBXFileReference; fileEncoding = 4; lastKnownFileType = text; path = badges.txt; sourceTree = "<group>"; };
		E2CA51221A89219900C2BB03 /* blue-btn.png */ = {isa = PBXFileReference; lastKnownFileType = image.png; path = "blue-btn.png"; sourceTree = "<group>"; };
		E2CA512C1A89219900C2BB03 /* green-btn.png */ = {isa = PBXFileReference; lastKnownFileType = image.png; path = "green-btn.png"; sourceTree = "<group>"; };
		E2CA51311A89219900C2BB03 /* info@2x.png */ = {isa = PBXFileReference; lastKnownFileType = image.png; path = "info@2x.png"; sourceTree = "<group>"; };
		E2CA51321A89219900C2BB03 /* interstellar_space.jpg */ = {isa = PBXFileReference; lastKnownFileType = image.jpeg; path = interstellar_space.jpg; sourceTree = "<group>"; };
		E2CA51361A89219900C2BB03 /* mapPin@2x.png */ = {isa = PBXFileReference; lastKnownFileType = image.png; path = "mapPin@2x.png"; sourceTree = "<group>"; };
		E2CA513E1A89219900C2BB03 /* red-btn.png */ = {isa = PBXFileReference; lastKnownFileType = image.png; path = "red-btn.png"; sourceTree = "<group>"; };
		E2CA51431A89219900C2BB03 /* success.wav */ = {isa = PBXFileReference; lastKnownFileType = audio.wav; path = success.wav; sourceTree = "<group>"; };
		E2CA51741A8928AA00C2BB03 /* GLKit.framework */ = {isa = PBXFileReference; lastKnownFileType = wrapper.framework; name = GLKit.framework; path = System/Library/Frameworks/GLKit.framework; sourceTree = SDKROOT; };
		E2CA51781A8928BF00C2BB03 /* CoreFoundation.framework */ = {isa = PBXFileReference; lastKnownFileType = wrapper.framework; name = CoreFoundation.framework; path = System/Library/Frameworks/CoreFoundation.framework; sourceTree = SDKROOT; };
		E2CA517A1A8928C800C2BB03 /* CoreLocation.framework */ = {isa = PBXFileReference; lastKnownFileType = wrapper.framework; name = CoreLocation.framework; path = System/Library/Frameworks/CoreLocation.framework; sourceTree = SDKROOT; };
		E2CA517C1A892E8000C2BB03 /* HomeViewController.h */ = {isa = PBXFileReference; fileEncoding = 4; lastKnownFileType = sourcecode.c.h; name = HomeViewController.h; path = CrowdCheer/HomeViewController.h; sourceTree = "<group>"; };
		E2CA517D1A892E8000C2BB03 /* HomeViewController.m */ = {isa = PBXFileReference; fileEncoding = 4; lastKnownFileType = sourcecode.c.objc; name = HomeViewController.m; path = CrowdCheer/HomeViewController.m; sourceTree = "<group>"; };
		E2CA517F1A892F7000C2BB03 /* NewRunViewController.h */ = {isa = PBXFileReference; fileEncoding = 4; lastKnownFileType = sourcecode.c.h; name = NewRunViewController.h; path = CrowdCheer/NewRunViewController.h; sourceTree = "<group>"; };
		E2CA51801A892F7000C2BB03 /* NewRunViewController.m */ = {isa = PBXFileReference; fileEncoding = 4; lastKnownFileType = sourcecode.c.objc; name = NewRunViewController.m; path = CrowdCheer/NewRunViewController.m; sourceTree = "<group>"; };
		E2CA51821A89537200C2BB03 /* icon.png */ = {isa = PBXFileReference; lastKnownFileType = image.png; path = icon.png; sourceTree = "<group>"; };
		E2CA51841A89585A00C2BB03 /* DeltaLab_CrowdCheer.mobileprovision */ = {isa = PBXFileReference; lastKnownFileType = file; path = DeltaLab_CrowdCheer.mobileprovision; sourceTree = "<group>"; };
		E2CA51861A89D51100C2BB03 /* MathController.h */ = {isa = PBXFileReference; fileEncoding = 4; lastKnownFileType = sourcecode.c.h; name = MathController.h; path = CrowdCheer/MathController.h; sourceTree = "<group>"; };
		E2CA51871A89D51100C2BB03 /* MathController.m */ = {isa = PBXFileReference; fileEncoding = 4; lastKnownFileType = sourcecode.c.objc; name = MathController.m; path = CrowdCheer/MathController.m; sourceTree = "<group>"; };
		E2CA51891A89E0A100C2BB03 /* MulticolorPolylineSegment.h */ = {isa = PBXFileReference; fileEncoding = 4; lastKnownFileType = sourcecode.c.h; name = MulticolorPolylineSegment.h; path = CrowdCheer/MulticolorPolylineSegment.h; sourceTree = "<group>"; };
		E2CA518A1A89E0A100C2BB03 /* MulticolorPolylineSegment.m */ = {isa = PBXFileReference; fileEncoding = 4; lastKnownFileType = sourcecode.c.objc; name = MulticolorPolylineSegment.m; path = CrowdCheer/MulticolorPolylineSegment.m; sourceTree = "<group>"; };
		E2D6B3D81BA0C3E000D1B8BB /* myrunner.png */ = {isa = PBXFileReference; lastKnownFileType = image.png; path = myrunner.png; sourceTree = "<group>"; };
		E2D6B3DA1BA0C49400D1B8BB /* MyRunnerAnnotation.m */ = {isa = PBXFileReference; fileEncoding = 4; lastKnownFileType = sourcecode.c.objc; name = MyRunnerAnnotation.m; path = CrowdCheer/MyRunnerAnnotation.m; sourceTree = "<group>"; };
		E2D6B3DB1BA0C49400D1B8BB /* MyRunnerAnnotation.h */ = {isa = PBXFileReference; fileEncoding = 4; lastKnownFileType = sourcecode.c.h; name = MyRunnerAnnotation.h; path = CrowdCheer/MyRunnerAnnotation.h; sourceTree = "<group>"; };
		E2E652E61AB2B97400561710 /* icon_120.png */ = {isa = PBXFileReference; lastKnownFileType = image.png; path = icon_120.png; sourceTree = "<group>"; };
		E2E652E71AB2B97400561710 /* icon_58.png */ = {isa = PBXFileReference; lastKnownFileType = image.png; path = icon_58.png; sourceTree = "<group>"; };
		E2E652E81AB2B97400561710 /* icon_80.png */ = {isa = PBXFileReference; lastKnownFileType = image.png; path = icon_80.png; sourceTree = "<group>"; };
		E2E652E91AB2B97400561710 /* icon_87.png */ = {isa = PBXFileReference; lastKnownFileType = image.png; path = icon_87.png; sourceTree = "<group>"; };
		E2F0C5491B710D3200EF6B87 /* AVFoundation.framework */ = {isa = PBXFileReference; lastKnownFileType = wrapper.framework; name = AVFoundation.framework; path = System/Library/Frameworks/AVFoundation.framework; sourceTree = SDKROOT; };
/* End PBXFileReference section */

/* Begin PBXFrameworksBuildPhase section */
		E2CA50DB1A88677A00C2BB03 /* Frameworks */ = {
			isa = PBXFrameworksBuildPhase;
			buildActionMask = 2147483647;
			files = (
				E2F0C54A1B710D3200EF6B87 /* AVFoundation.framework in Frameworks */,
				E23A34921B4B01A5000D9CE2 /* EstimoteSDK.framework in Frameworks */,
				E23A34901B4B016C000D9CE2 /* CoreBluetooth.framework in Frameworks */,
				E2ADB5D91A9D0A72007EC795 /* Social.framework in Frameworks */,
				E2ADB5D71A9D0A63007EC795 /* Accounts.framework in Frameworks */,
				E2AD20161A9A97E500B1BEFE /* CFNetwork.framework in Frameworks */,
				E2AD20171A9A97E500B1BEFE /* libsqlite3.dylib in Frameworks */,
				E2AD20181A9A97E500B1BEFE /* libz.dylib in Frameworks */,
				E2AD20191A9A97E500B1BEFE /* MobileCoreServices.framework in Frameworks */,
				E2AD201A1A9A97E500B1BEFE /* QuartzCore.framework in Frameworks */,
				E2AD201B1A9A97E500B1BEFE /* Security.framework in Frameworks */,
				E2AD201D1A9A97E500B1BEFE /* SystemConfiguration.framework in Frameworks */,
				E2CA51161A886C3800C2BB03 /* CoreGraphics.framework in Frameworks */,
				E2CA517B1A8928C800C2BB03 /* CoreLocation.framework in Frameworks */,
				E2AD200D1A9A978700B1BEFE /* AudioToolbox.framework in Frameworks */,
				E2CA51791A8928BF00C2BB03 /* CoreFoundation.framework in Frameworks */,
				E2CA51751A8928AA00C2BB03 /* GLKit.framework in Frameworks */,
				E2ADB5E71A9E6808007EC795 /* Parse.framework in Frameworks */,
				E2CA511C1A886C4C00C2BB03 /* Foundation.framework in Frameworks */,
				E2AD20091A9A972C00B1BEFE /* Bolts.framework in Frameworks */,
				E2CA511A1A886C4600C2BB03 /* UIKit.framework in Frameworks */,
				E2CA51181A886C3E00C2BB03 /* CoreData.framework in Frameworks */,
				E2CA51141A886C1D00C2BB03 /* MapKit.framework in Frameworks */,
				5F70F522581F4D2823391BC8 /* libPods.a in Frameworks */,
			);
			runOnlyForDeploymentPostprocessing = 0;
		};
		E2CA50FA1A88677A00C2BB03 /* Frameworks */ = {
			isa = PBXFrameworksBuildPhase;
			buildActionMask = 2147483647;
			files = (
			);
			runOnlyForDeploymentPostprocessing = 0;
		};
/* End PBXFrameworksBuildPhase section */

/* Begin PBXGroup section */
		3D8FEAA639501C75D3CF23DB /* Pods */ = {
			isa = PBXGroup;
			children = (
				91790BBB952F10169AD23C36 /* Pods.debug.xcconfig */,
				13299CCB30F51547E12CE4BC /* Pods.release.xcconfig */,
			);
			name = Pods;
			sourceTree = "<group>";
		};
		E2AD20071A9A96B400B1BEFE /* Frameworks */ = {
			isa = PBXGroup;
			children = (
				E2F0C5491B710D3200EF6B87 /* AVFoundation.framework */,
				E23A34911B4B01A5000D9CE2 /* EstimoteSDK.framework */,
				E23A348F1B4B016C000D9CE2 /* CoreBluetooth.framework */,
				E2ADB5E61A9E6808007EC795 /* Parse.framework */,
				E2ADB5D81A9D0A72007EC795 /* Social.framework */,
				E2ADB5D61A9D0A63007EC795 /* Accounts.framework */,
				E2AD200E1A9A97E400B1BEFE /* CFNetwork.framework */,
				E2AD200F1A9A97E400B1BEFE /* libsqlite3.dylib */,
				E2AD20101A9A97E400B1BEFE /* libz.dylib */,
				E2AD20111A9A97E400B1BEFE /* MobileCoreServices.framework */,
				E2AD20121A9A97E400B1BEFE /* QuartzCore.framework */,
				E2AD20131A9A97E400B1BEFE /* Security.framework */,
				E2AD20151A9A97E500B1BEFE /* SystemConfiguration.framework */,
				E2AD200C1A9A978700B1BEFE /* AudioToolbox.framework */,
				E2AD20081A9A972C00B1BEFE /* Bolts.framework */,
				E2CA511B1A886C4C00C2BB03 /* Foundation.framework */,
				E2CA51191A886C4600C2BB03 /* UIKit.framework */,
				E2CA51171A886C3E00C2BB03 /* CoreData.framework */,
				E2CA51151A886C3800C2BB03 /* CoreGraphics.framework */,
				E2CA51131A886C1D00C2BB03 /* MapKit.framework */,
				E2CA517A1A8928C800C2BB03 /* CoreLocation.framework */,
				E2CA51781A8928BF00C2BB03 /* CoreFoundation.framework */,
				E2CA51741A8928AA00C2BB03 /* GLKit.framework */,
				B02C0ADC9A925398130FD734 /* libPods.a */,
			);
			name = Frameworks;
			sourceTree = "<group>";
		};
		E2CA50D51A88677A00C2BB03 = {
			isa = PBXGroup;
			children = (
				E2D6B3DA1BA0C49400D1B8BB /* MyRunnerAnnotation.m */,
				E2D6B3DB1BA0C49400D1B8BB /* MyRunnerAnnotation.h */,
				E245B6E61ADC544700432C61 /* CheererStartViewController.h */,
				E245B6E71ADC544700432C61 /* CheererStartViewController.m */,
				E25A11B41AB1CDBC003FFA73 /* DefaultSettingsViewController.h */,
				E25A11D71AB1D42F003FFA73 /* DefaultSettingsViewController.m */,
				E25A11B61AB1CDBC003FFA73 /* RoleViewController.h */,
				E25A11B71AB1CDBC003FFA73 /* RoleViewController.m */,
				E2CA517F1A892F7000C2BB03 /* NewRunViewController.h */,
				E2CA51801A892F7000C2BB03 /* NewRunViewController.m */,
				E2ADB5D31A9D091C007EC795 /* MySignUpViewController.h */,
				E2ADB5D41A9D091C007EC795 /* MySignUpViewController.m */,
				E25A11A51AB10248003FFA73 /* CommonalityViewController.h */,
				E25A11A61AB10248003FFA73 /* CommonalityViewController.m */,
				E25A11A71AB10248003FFA73 /* MotivatorViewController.h */,
				E25A11A81AB10248003FFA73 /* MotivatorViewController.m */,
				E265087B1B8B830C00D726F0 /* RunnerAnnotation.h */,
				E265087C1B8B830C00D726F0 /* RunnerAnnotation.m */,
				E25A11A91AB10248003FFA73 /* RelationshipViewController.h */,
				E25A11AA1AB10248003FFA73 /* RelationshipViewController.m */,
				E2CA517C1A892E8000C2BB03 /* HomeViewController.h */,
				E2CA517D1A892E8000C2BB03 /* HomeViewController.m */,
				E2CA50EE1A88677A00C2BB03 /* DetailViewController.h */,
				E2CA50EF1A88677A00C2BB03 /* DetailViewController.m */,
				E2CA51861A89D51100C2BB03 /* MathController.h */,
				E2CA51871A89D51100C2BB03 /* MathController.m */,
				E23AEFB11B54239100FB6B78 /* AppDelegate.m */,
				E2CA50E51A88677A00C2BB03 /* AppDelegate.h */,
				E2CA51891A89E0A100C2BB03 /* MulticolorPolylineSegment.h */,
				E2CA518A1A89E0A100C2BB03 /* MulticolorPolylineSegment.m */,
				E2CA51101A886BE900C2BB03 /* Run.h */,
				E2CA51111A886BE900C2BB03 /* Run.m */,
				E2CA510D1A886BE900C2BB03 /* Location.h */,
				E2CA510E1A886BE900C2BB03 /* Location.m */,
				E2AD20071A9A96B400B1BEFE /* Frameworks */,
				E2CA51841A89585A00C2BB03 /* DeltaLab_CrowdCheer.mobileprovision */,
				E2CA511D1A89219900C2BB03 /* Resources */,
				E2CA50E01A88677A00C2BB03 /* CrowdCheer */,
				E2CA51001A88677A00C2BB03 /* CrowdCheerTests */,
				E2CA50DF1A88677A00C2BB03 /* Products */,
				3D8FEAA639501C75D3CF23DB /* Pods */,
			);
			sourceTree = "<group>";
		};
		E2CA50DF1A88677A00C2BB03 /* Products */ = {
			isa = PBXGroup;
			children = (
				E2CA50DE1A88677A00C2BB03 /* CrowdCheer.app */,
				E2CA50FD1A88677A00C2BB03 /* CrowdCheerTests.xctest */,
			);
			name = Products;
			sourceTree = "<group>";
		};
		E2CA50E01A88677A00C2BB03 /* CrowdCheer */ = {
			isa = PBXGroup;
			children = (
				E2CA50F11A88677A00C2BB03 /* Main.storyboard */,
				E2CA50F41A88677A00C2BB03 /* Images.xcassets */,
				E2CA50F61A88677A00C2BB03 /* LaunchScreen.xib */,
				E2CA50E81A88677A00C2BB03 /* CrowdCheer.xcdatamodeld */,
				E2CA50E11A88677A00C2BB03 /* Supporting Files */,
			);
			path = CrowdCheer;
			sourceTree = "<group>";
		};
		E2CA50E11A88677A00C2BB03 /* Supporting Files */ = {
			isa = PBXGroup;
			children = (
				E2CA50E21A88677A00C2BB03 /* Info.plist */,
				E2CA50E31A88677A00C2BB03 /* main.m */,
			);
			name = "Supporting Files";
			sourceTree = "<group>";
		};
		E2CA51001A88677A00C2BB03 /* CrowdCheerTests */ = {
			isa = PBXGroup;
			children = (
				E2CA51031A88677A00C2BB03 /* CrowdCheerTests.m */,
				E2CA51011A88677A00C2BB03 /* Supporting Files */,
			);
			path = CrowdCheerTests;
			sourceTree = "<group>";
		};
		E2CA51011A88677A00C2BB03 /* Supporting Files */ = {
			isa = PBXGroup;
			children = (
				E2CA51021A88677A00C2BB03 /* Info.plist */,
			);
			name = "Supporting Files";
			sourceTree = "<group>";
		};
		E2CA511D1A89219900C2BB03 /* Resources */ = {
			isa = PBXGroup;
			children = (
				E2D6B3D81BA0C3E000D1B8BB /* myrunner.png */,
				E265087E1B8B9DE600D726F0 /* runner.png */,
				E240F4791B6BCF3C008C9580 /* 1438375376_wooman.png */,
				E240F4771B6BBEB6008C9580 /* Ford.gpx */,
				E240F4711B692510008C9580 /* 3_cheer.png */,
				E240F4721B692510008C9580 /* 1_notify.png */,
				E240F4731B692510008C9580 /* 2_watch.png */,
				E2E652E51AB2B97400561710 /* non transparent icons */,
				E2AD357C1AAF5613002E352A /* profileDefault.png */,
				E2CA51821A89537200C2BB03 /* icon.png */,
				E2CA51201A89219900C2BB03 /* atmosphere.jpg */,
				E2CA51211A89219900C2BB03 /* badges.txt */,
				E2CA51221A89219900C2BB03 /* blue-btn.png */,
				E2CA512C1A89219900C2BB03 /* green-btn.png */,
				E2CA51311A89219900C2BB03 /* info@2x.png */,
				E2CA51321A89219900C2BB03 /* interstellar_space.jpg */,
				E2CA51361A89219900C2BB03 /* mapPin@2x.png */,
				E2CA513E1A89219900C2BB03 /* red-btn.png */,
				E2CA51431A89219900C2BB03 /* success.wav */,
			);
			name = Resources;
			path = resources;
			sourceTree = "<group>";
		};
		E2E652E51AB2B97400561710 /* non transparent icons */ = {
			isa = PBXGroup;
			children = (
				E2E652E61AB2B97400561710 /* icon_120.png */,
				E2E652E71AB2B97400561710 /* icon_58.png */,
				E2E652E81AB2B97400561710 /* icon_80.png */,
				E2E652E91AB2B97400561710 /* icon_87.png */,
			);
			path = "non transparent icons";
			sourceTree = "<group>";
		};
/* End PBXGroup section */

/* Begin PBXNativeTarget section */
		E2CA50DD1A88677A00C2BB03 /* CrowdCheer */ = {
			isa = PBXNativeTarget;
			buildConfigurationList = E2CA51071A88677A00C2BB03 /* Build configuration list for PBXNativeTarget "CrowdCheer" */;
			buildPhases = (
				8C5C01844D1EC24B7BF83287 /* Check Pods Manifest.lock */,
				E2CA50DA1A88677A00C2BB03 /* Sources */,
				E2CA50DB1A88677A00C2BB03 /* Frameworks */,
				E2CA50DC1A88677A00C2BB03 /* Resources */,
				60582DC9965F2C1FC713E259 /* Copy Pods Resources */,
			);
			buildRules = (
			);
			dependencies = (
			);
			name = CrowdCheer;
			productName = CrowdCheer;
			productReference = E2CA50DE1A88677A00C2BB03 /* CrowdCheer.app */;
			productType = "com.apple.product-type.application";
		};
		E2CA50FC1A88677A00C2BB03 /* CrowdCheerTests */ = {
			isa = PBXNativeTarget;
			buildConfigurationList = E2CA510A1A88677A00C2BB03 /* Build configuration list for PBXNativeTarget "CrowdCheerTests" */;
			buildPhases = (
				E2CA50F91A88677A00C2BB03 /* Sources */,
				E2CA50FA1A88677A00C2BB03 /* Frameworks */,
				E2CA50FB1A88677A00C2BB03 /* Resources */,
			);
			buildRules = (
			);
			dependencies = (
				E2CA50FF1A88677A00C2BB03 /* PBXTargetDependency */,
			);
			name = CrowdCheerTests;
			productName = CrowdCheerTests;
			productReference = E2CA50FD1A88677A00C2BB03 /* CrowdCheerTests.xctest */;
			productType = "com.apple.product-type.bundle.unit-test";
		};
/* End PBXNativeTarget section */

/* Begin PBXProject section */
		E2CA50D61A88677A00C2BB03 /* Project object */ = {
			isa = PBXProject;
			attributes = {
				LastUpgradeCheck = 0610;
				ORGANIZATIONNAME = "Delta Lab";
				TargetAttributes = {
					E2CA50DD1A88677A00C2BB03 = {
						CreatedOnToolsVersion = 6.1.1;
						DevelopmentTeam = W4E2C6X642;
						SystemCapabilities = {
							com.apple.BackgroundModes = {
								enabled = 1;
							};
							com.apple.HealthKit = {
								enabled = 1;
							};
							com.apple.InAppPurchase = {
								enabled = 0;
							};
						};
					};
					E2CA50FC1A88677A00C2BB03 = {
						CreatedOnToolsVersion = 6.1.1;
						TestTargetID = E2CA50DD1A88677A00C2BB03;
					};
				};
			};
			buildConfigurationList = E2CA50D91A88677A00C2BB03 /* Build configuration list for PBXProject "CrowdCheer" */;
			compatibilityVersion = "Xcode 3.2";
			developmentRegion = English;
			hasScannedForEncodings = 0;
			knownRegions = (
				en,
				Base,
			);
			mainGroup = E2CA50D51A88677A00C2BB03;
			productRefGroup = E2CA50DF1A88677A00C2BB03 /* Products */;
			projectDirPath = "";
			projectRoot = "";
			targets = (
				E2CA50DD1A88677A00C2BB03 /* CrowdCheer */,
				E2CA50FC1A88677A00C2BB03 /* CrowdCheerTests */,
			);
		};
/* End PBXProject section */

/* Begin PBXResourcesBuildPhase section */
		E2CA50DC1A88677A00C2BB03 /* Resources */ = {
			isa = PBXResourcesBuildPhase;
			buildActionMask = 2147483647;
			files = (
				E2CA514D1A89219900C2BB03 /* blue-btn.png in Resources */,
				E240F4741B692510008C9580 /* 3_cheer.png in Resources */,
				E2CA51691A89219900C2BB03 /* red-btn.png in Resources */,
				E2CA50F31A88677A00C2BB03 /* Main.storyboard in Resources */,
				E2CA514C1A89219900C2BB03 /* badges.txt in Resources */,
				E2D6B3D91BA0C3E000D1B8BB /* myrunner.png in Resources */,
				E2CA514B1A89219900C2BB03 /* atmosphere.jpg in Resources */,
				E2E652EA1AB2B97400561710 /* icon_120.png in Resources */,
				E2CA50F81A88677A00C2BB03 /* LaunchScreen.xib in Resources */,
				E240F4781B6BBEB6008C9580 /* Ford.gpx in Resources */,
				E2CA51571A89219900C2BB03 /* green-btn.png in Resources */,
				E2CA50F51A88677A00C2BB03 /* Images.xcassets in Resources */,
				E2E652ED1AB2B97400561710 /* icon_87.png in Resources */,
				E2CA515D1A89219900C2BB03 /* interstellar_space.jpg in Resources */,
				E240F4751B692510008C9580 /* 1_notify.png in Resources */,
				E2AD357D1AAF5613002E352A /* profileDefault.png in Resources */,
				E2CA51831A89537200C2BB03 /* icon.png in Resources */,
				E240F4761B692510008C9580 /* 2_watch.png in Resources */,
				E2CA516E1A89219900C2BB03 /* success.wav in Resources */,
				E2CA51611A89219900C2BB03 /* mapPin@2x.png in Resources */,
				E240F47A1B6BCF3C008C9580 /* 1438375376_wooman.png in Resources */,
				E2CA515C1A89219900C2BB03 /* info@2x.png in Resources */,
				E2E652EC1AB2B97400561710 /* icon_80.png in Resources */,
				E2E652EB1AB2B97400561710 /* icon_58.png in Resources */,
				E265087F1B8B9DE600D726F0 /* runner.png in Resources */,
			);
			runOnlyForDeploymentPostprocessing = 0;
		};
		E2CA50FB1A88677A00C2BB03 /* Resources */ = {
			isa = PBXResourcesBuildPhase;
			buildActionMask = 2147483647;
			files = (
			);
			runOnlyForDeploymentPostprocessing = 0;
		};
/* End PBXResourcesBuildPhase section */

/* Begin PBXShellScriptBuildPhase section */
		60582DC9965F2C1FC713E259 /* Copy Pods Resources */ = {
			isa = PBXShellScriptBuildPhase;
			buildActionMask = 2147483647;
			files = (
			);
			inputPaths = (
			);
			name = "Copy Pods Resources";
			outputPaths = (
			);
			runOnlyForDeploymentPostprocessing = 0;
			shellPath = /bin/sh;
			shellScript = "\"${SRCROOT}/Pods/Target Support Files/Pods/Pods-resources.sh\"\n";
			showEnvVarsInLog = 0;
		};
		8C5C01844D1EC24B7BF83287 /* Check Pods Manifest.lock */ = {
			isa = PBXShellScriptBuildPhase;
			buildActionMask = 2147483647;
			files = (
			);
			inputPaths = (
			);
			name = "Check Pods Manifest.lock";
			outputPaths = (
			);
			runOnlyForDeploymentPostprocessing = 0;
			shellPath = /bin/sh;
			shellScript = "diff \"${PODS_ROOT}/../Podfile.lock\" \"${PODS_ROOT}/Manifest.lock\" > /dev/null\nif [[ $? != 0 ]] ; then\n    cat << EOM\nerror: The sandbox is not in sync with the Podfile.lock. Run 'pod install' or update your CocoaPods installation.\nEOM\n    exit 1\nfi\n";
			showEnvVarsInLog = 0;
		};
/* End PBXShellScriptBuildPhase section */

/* Begin PBXSourcesBuildPhase section */
		E2CA50DA1A88677A00C2BB03 /* Sources */ = {
			isa = PBXSourcesBuildPhase;
			buildActionMask = 2147483647;
			files = (
				E2D6B3DC1BA0C49400D1B8BB /* MyRunnerAnnotation.m in Sources */,
				E25A11D81AB1D42F003FFA73 /* DefaultSettingsViewController.m in Sources */,
				E25A11BA1AB1CDF2003FFA73 /* RoleViewController.m in Sources */,
				E2CA50F01A88677A00C2BB03 /* DetailViewController.m in Sources */,
				E25A11AD1AB10248003FFA73 /* RelationshipViewController.m in Sources */,
				E245B6E81ADC544700432C61 /* CheererStartViewController.m in Sources */,
				E2CA51121A886BE900C2BB03 /* Run.m in Sources */,
				E2CA51881A89D51100C2BB03 /* MathController.m in Sources */,
				E2CA518B1A89E0A100C2BB03 /* MulticolorPolylineSegment.m in Sources */,
				E25A11AC1AB10248003FFA73 /* MotivatorViewController.m in Sources */,
				E25A11AB1AB10248003FFA73 /* CommonalityViewController.m in Sources */,
				E2CA50EA1A88677A00C2BB03 /* CrowdCheer.xcdatamodeld in Sources */,
				E2ADB5D51A9D091C007EC795 /* MySignUpViewController.m in Sources */,
				E2CA510F1A886BE900C2BB03 /* Location.m in Sources */,
				E2CA517E1A892E8000C2BB03 /* HomeViewController.m in Sources */,
				E23AEFB21B54239100FB6B78 /* AppDelegate.m in Sources */,
				E2CA50E41A88677A00C2BB03 /* main.m in Sources */,
				E265087D1B8B830C00D726F0 /* RunnerAnnotation.m in Sources */,
				E2CA51811A892F7000C2BB03 /* NewRunViewController.m in Sources */,
			);
			runOnlyForDeploymentPostprocessing = 0;
		};
		E2CA50F91A88677A00C2BB03 /* Sources */ = {
			isa = PBXSourcesBuildPhase;
			buildActionMask = 2147483647;
			files = (
				E2CA51041A88677A00C2BB03 /* CrowdCheerTests.m in Sources */,
			);
			runOnlyForDeploymentPostprocessing = 0;
		};
/* End PBXSourcesBuildPhase section */

/* Begin PBXTargetDependency section */
		E2CA50FF1A88677A00C2BB03 /* PBXTargetDependency */ = {
			isa = PBXTargetDependency;
			target = E2CA50DD1A88677A00C2BB03 /* CrowdCheer */;
			targetProxy = E2CA50FE1A88677A00C2BB03 /* PBXContainerItemProxy */;
		};
/* End PBXTargetDependency section */

/* Begin PBXVariantGroup section */
		E2CA50F11A88677A00C2BB03 /* Main.storyboard */ = {
			isa = PBXVariantGroup;
			children = (
				E2CA50F21A88677A00C2BB03 /* Base */,
			);
			name = Main.storyboard;
			sourceTree = "<group>";
		};
		E2CA50F61A88677A00C2BB03 /* LaunchScreen.xib */ = {
			isa = PBXVariantGroup;
			children = (
				E2CA50F71A88677A00C2BB03 /* Base */,
			);
			name = LaunchScreen.xib;
			sourceTree = "<group>";
		};
/* End PBXVariantGroup section */

/* Begin XCBuildConfiguration section */
		E2CA51051A88677A00C2BB03 /* Debug */ = {
			isa = XCBuildConfiguration;
			buildSettings = {
				ALWAYS_SEARCH_USER_PATHS = NO;
				CLANG_CXX_LANGUAGE_STANDARD = "gnu++0x";
				CLANG_CXX_LIBRARY = "libc++";
				CLANG_ENABLE_MODULES = YES;
				CLANG_ENABLE_OBJC_ARC = YES;
				CLANG_WARN_BOOL_CONVERSION = YES;
				CLANG_WARN_CONSTANT_CONVERSION = YES;
				CLANG_WARN_DIRECT_OBJC_ISA_USAGE = YES_ERROR;
				CLANG_WARN_EMPTY_BODY = YES;
				CLANG_WARN_ENUM_CONVERSION = YES;
				CLANG_WARN_INT_CONVERSION = YES;
				CLANG_WARN_OBJC_ROOT_CLASS = YES_ERROR;
				CLANG_WARN_UNREACHABLE_CODE = YES;
				CLANG_WARN__DUPLICATE_METHOD_MATCH = YES;
				"CODE_SIGN_IDENTITY[sdk=iphoneos*]" = "iPhone Developer";
				COPY_PHASE_STRIP = NO;
				ENABLE_STRICT_OBJC_MSGSEND = YES;
				GCC_C_LANGUAGE_STANDARD = gnu99;
				GCC_DYNAMIC_NO_PIC = NO;
				GCC_OPTIMIZATION_LEVEL = 0;
				GCC_PREPROCESSOR_DEFINITIONS = (
					"DEBUG=1",
					"$(inherited)",
				);
				GCC_SYMBOLS_PRIVATE_EXTERN = NO;
				GCC_WARN_64_TO_32_BIT_CONVERSION = YES;
				GCC_WARN_ABOUT_RETURN_TYPE = YES_ERROR;
				GCC_WARN_UNDECLARED_SELECTOR = YES;
				GCC_WARN_UNINITIALIZED_AUTOS = YES_AGGRESSIVE;
				GCC_WARN_UNUSED_FUNCTION = YES;
				GCC_WARN_UNUSED_VARIABLE = YES;
				IPHONEOS_DEPLOYMENT_TARGET = 8.1;
				MTL_ENABLE_DEBUG_INFO = YES;
				ONLY_ACTIVE_ARCH = YES;
				SDKROOT = iphoneos;
			};
			name = Debug;
		};
		E2CA51061A88677A00C2BB03 /* Release */ = {
			isa = XCBuildConfiguration;
			buildSettings = {
				ALWAYS_SEARCH_USER_PATHS = NO;
				CLANG_CXX_LANGUAGE_STANDARD = "gnu++0x";
				CLANG_CXX_LIBRARY = "libc++";
				CLANG_ENABLE_MODULES = YES;
				CLANG_ENABLE_OBJC_ARC = YES;
				CLANG_WARN_BOOL_CONVERSION = YES;
				CLANG_WARN_CONSTANT_CONVERSION = YES;
				CLANG_WARN_DIRECT_OBJC_ISA_USAGE = YES_ERROR;
				CLANG_WARN_EMPTY_BODY = YES;
				CLANG_WARN_ENUM_CONVERSION = YES;
				CLANG_WARN_INT_CONVERSION = YES;
				CLANG_WARN_OBJC_ROOT_CLASS = YES_ERROR;
				CLANG_WARN_UNREACHABLE_CODE = YES;
				CLANG_WARN__DUPLICATE_METHOD_MATCH = YES;
				"CODE_SIGN_IDENTITY[sdk=iphoneos*]" = "iPhone Developer";
				COPY_PHASE_STRIP = YES;
				ENABLE_NS_ASSERTIONS = NO;
				ENABLE_STRICT_OBJC_MSGSEND = YES;
				GCC_C_LANGUAGE_STANDARD = gnu99;
				GCC_WARN_64_TO_32_BIT_CONVERSION = YES;
				GCC_WARN_ABOUT_RETURN_TYPE = YES_ERROR;
				GCC_WARN_UNDECLARED_SELECTOR = YES;
				GCC_WARN_UNINITIALIZED_AUTOS = YES_AGGRESSIVE;
				GCC_WARN_UNUSED_FUNCTION = YES;
				GCC_WARN_UNUSED_VARIABLE = YES;
				IPHONEOS_DEPLOYMENT_TARGET = 8.1;
				MTL_ENABLE_DEBUG_INFO = NO;
				SDKROOT = iphoneos;
				VALIDATE_PRODUCT = YES;
			};
			name = Release;
		};
		E2CA51081A88677A00C2BB03 /* Debug */ = {
			isa = XCBuildConfiguration;
			baseConfigurationReference = 91790BBB952F10169AD23C36 /* Pods.debug.xcconfig */;
			buildSettings = {
				ASSETCATALOG_COMPILER_APPICON_NAME = AppIcon;
				CODE_SIGN_ENTITLEMENTS = CrowdCheer/CrowdCheer.entitlements;
				CODE_SIGN_IDENTITY = "iPhone Developer";
				"CODE_SIGN_IDENTITY[sdk=iphoneos*]" = "iPhone Developer";
				FRAMEWORK_SEARCH_PATHS = (
					"$(inherited)",
					"$(PROJECT_DIR)",
					/Users/Leesha/Dropbox/EECS/399/crowdfound,
					"/Users/Leesha/Dropbox/EECS/Delta\\Lab/General/parse-library-1.6.3",
					"/Users/Leesha/Dropbox/EECS/Delta\\Lab/CrowdCheer/Estimote\\iOS\\SDK/EstimoteSDK",
				);
				INFOPLIST_FILE = CrowdCheer/Info.plist;
				IPHONEOS_DEPLOYMENT_TARGET = 7.0;
				LD_RUNPATH_SEARCH_PATHS = "$(inherited) @executable_path/Frameworks";
				PRODUCT_NAME = "$(TARGET_NAME)";
				PROVISIONING_PROFILE = "228df4d3-4dc3-45b4-9b57-f30e5c4da934";
				TARGETED_DEVICE_FAMILY = 1;
			};
			name = Debug;
		};
		E2CA51091A88677A00C2BB03 /* Release */ = {
			isa = XCBuildConfiguration;
			baseConfigurationReference = 13299CCB30F51547E12CE4BC /* Pods.release.xcconfig */;
			buildSettings = {
				ASSETCATALOG_COMPILER_APPICON_NAME = AppIcon;
				CODE_SIGN_ENTITLEMENTS = CrowdCheer/CrowdCheer.entitlements;
				CODE_SIGN_IDENTITY = "iPhone Developer";
				"CODE_SIGN_IDENTITY[sdk=iphoneos*]" = "iPhone Developer";
				FRAMEWORK_SEARCH_PATHS = (
					"$(inherited)",
					"$(PROJECT_DIR)",
					/Users/Leesha/Dropbox/EECS/399/crowdfound,
					"/Users/Leesha/Dropbox/EECS/Delta\\Lab/General/parse-library-1.6.3",
					"/Users/Leesha/Dropbox/EECS/Delta\\Lab/CrowdCheer/Estimote\\iOS\\SDK/EstimoteSDK",
				);
				INFOPLIST_FILE = CrowdCheer/Info.plist;
				IPHONEOS_DEPLOYMENT_TARGET = 7.0;
				LD_RUNPATH_SEARCH_PATHS = "$(inherited) @executable_path/Frameworks";
				PRODUCT_NAME = "$(TARGET_NAME)";
				PROVISIONING_PROFILE = "228df4d3-4dc3-45b4-9b57-f30e5c4da934";
				TARGETED_DEVICE_FAMILY = 1;
			};
			name = Release;
		};
		E2CA510B1A88677A00C2BB03 /* Debug */ = {
			isa = XCBuildConfiguration;
			buildSettings = {
				BUNDLE_LOADER = "$(TEST_HOST)";
				FRAMEWORK_SEARCH_PATHS = (
					"$(SDKROOT)/Developer/Library/Frameworks",
					"$(inherited)",
				);
				GCC_PREPROCESSOR_DEFINITIONS = (
					"DEBUG=1",
					"$(inherited)",
				);
				INFOPLIST_FILE = CrowdCheerTests/Info.plist;
				LD_RUNPATH_SEARCH_PATHS = "$(inherited) @executable_path/Frameworks @loader_path/Frameworks";
				PRODUCT_NAME = "$(TARGET_NAME)";
				TEST_HOST = "$(BUILT_PRODUCTS_DIR)/CrowdCheer.app/CrowdCheer";
			};
			name = Debug;
		};
		E2CA510C1A88677A00C2BB03 /* Release */ = {
			isa = XCBuildConfiguration;
			buildSettings = {
				BUNDLE_LOADER = "$(TEST_HOST)";
				FRAMEWORK_SEARCH_PATHS = (
					"$(SDKROOT)/Developer/Library/Frameworks",
					"$(inherited)",
				);
				INFOPLIST_FILE = CrowdCheerTests/Info.plist;
				LD_RUNPATH_SEARCH_PATHS = "$(inherited) @executable_path/Frameworks @loader_path/Frameworks";
				PRODUCT_NAME = "$(TARGET_NAME)";
				TEST_HOST = "$(BUILT_PRODUCTS_DIR)/CrowdCheer.app/CrowdCheer";
			};
			name = Release;
		};
/* End XCBuildConfiguration section */

/* Begin XCConfigurationList section */
		E2CA50D91A88677A00C2BB03 /* Build configuration list for PBXProject "CrowdCheer" */ = {
			isa = XCConfigurationList;
			buildConfigurations = (
				E2CA51051A88677A00C2BB03 /* Debug */,
				E2CA51061A88677A00C2BB03 /* Release */,
			);
			defaultConfigurationIsVisible = 0;
			defaultConfigurationName = Release;
		};
		E2CA51071A88677A00C2BB03 /* Build configuration list for PBXNativeTarget "CrowdCheer" */ = {
			isa = XCConfigurationList;
			buildConfigurations = (
				E2CA51081A88677A00C2BB03 /* Debug */,
				E2CA51091A88677A00C2BB03 /* Release */,
			);
			defaultConfigurationIsVisible = 0;
			defaultConfigurationName = Release;
		};
		E2CA510A1A88677A00C2BB03 /* Build configuration list for PBXNativeTarget "CrowdCheerTests" */ = {
			isa = XCConfigurationList;
			buildConfigurations = (
				E2CA510B1A88677A00C2BB03 /* Debug */,
				E2CA510C1A88677A00C2BB03 /* Release */,
			);
			defaultConfigurationIsVisible = 0;
			defaultConfigurationName = Release;
		};
/* End XCConfigurationList section */

/* Begin XCVersionGroup section */
		E2CA50E81A88677A00C2BB03 /* CrowdCheer.xcdatamodeld */ = {
			isa = XCVersionGroup;
			children = (
				E2CA50E91A88677A00C2BB03 /* CrowdCheer.xcdatamodel */,
			);
			currentVersion = E2CA50E91A88677A00C2BB03 /* CrowdCheer.xcdatamodel */;
			path = CrowdCheer.xcdatamodeld;
			sourceTree = "<group>";
			versionGroupType = wrapper.xcdatamodel;
		};
/* End XCVersionGroup section */
	};
	rootObject = E2CA50D61A88677A00C2BB03 /* Project object */;
}
